// !$*UTF8*$!
{
	archiveVersion = 1;
	classes = {
	};
	objectVersion = 46;
	objects = {

/* Begin PBXAggregateTarget section */
		4C8A853E21B05BB2001154BC /* wired */ = {
			isa = PBXAggregateTarget;
			buildConfigurationList = 4C8A854021B05BB2001154BC /* Build configuration list for PBXAggregateTarget "wired" */;
			buildPhases = (
				4C8A853F21B05BB2001154BC /* ShellScript */,
			);
			dependencies = (
			);
			name = wired;
			productName = wired;
		};
		4CCEEFA8154C991D004AE045 /* Distribute */ = {
			isa = PBXAggregateTarget;
			buildConfigurationList = 4CCEEFB6154C991D004AE045 /* Build configuration list for PBXAggregateTarget "Distribute" */;
			buildPhases = (
				4CCEEFB8154C994D004AE045 /* ShellScript */,
			);
			dependencies = (
				4CDD88AF15F76CA500283005 /* PBXTargetDependency */,
			);
			name = Distribute;
			productName = Distribute;
		};
/* End PBXAggregateTarget section */

/* Begin PBXBuildFile section */
		4C016F981778F6E200D6D2B3 /* Localizable.strings in Resources */ = {isa = PBXBuildFile; fileRef = 4C016F9A1778F6E200D6D2B3 /* Localizable.strings */; };
		4C233C8B1521022800245506 /* Cocoa.framework in Frameworks */ = {isa = PBXBuildFile; fileRef = 4C8D3358151E2D8D001A6BF7 /* Cocoa.framework */; };
		4C233C911521022800245506 /* InfoPlist.strings in Resources */ = {isa = PBXBuildFile; fileRef = 4C233C8F1521022800245506 /* InfoPlist.strings */; };
		4C233C931521022800245506 /* main.m in Sources */ = {isa = PBXBuildFile; fileRef = 4C233C921521022800245506 /* main.m */; };
		4C233C971521022800245506 /* Credits.rtf in Resources */ = {isa = PBXBuildFile; fileRef = 4C233C951521022800245506 /* Credits.rtf */; };
		4C233C9A1521022800245506 /* WHAppDelegate.m in Sources */ = {isa = PBXBuildFile; fileRef = 4C233C991521022800245506 /* WHAppDelegate.m */; };
		4C233C9D1521022900245506 /* MainMenu.xib in Resources */ = {isa = PBXBuildFile; fileRef = 4C233C9B1521022900245506 /* MainMenu.xib */; };
		4C233CA2152103FE00245506 /* WiredServerMenu.png in Resources */ = {isa = PBXBuildFile; fileRef = 4C233CA1152103FE00245506 /* WiredServerMenu.png */; };
		4C233CA51521063A00245506 /* WHStatusController.m in Sources */ = {isa = PBXBuildFile; fileRef = 4C233CA41521063A00245506 /* WHStatusController.m */; };
		4C233CB0152112C700245506 /* WPWiredManager.m in Sources */ = {isa = PBXBuildFile; fileRef = 4C8D3482151F58D7001A6BF7 /* WPWiredManager.m */; };
		4C233CB1152112D700245506 /* WPSettings.m in Sources */ = {isa = PBXBuildFile; fileRef = 4C8D3480151F58D7001A6BF7 /* WPSettings.m */; };
		4C233CB2152112E500245506 /* WPError.m in Sources */ = {isa = PBXBuildFile; fileRef = 4C8D3478151F58D7001A6BF7 /* WPError.m */; };
		4C233CBC15211FA700245506 /* Wired Server Helper.app in Resources */ = {isa = PBXBuildFile; fileRef = 4C233C891521022800245506 /* Wired Server Helper.app */; };
		4C233CBF1521251300245506 /* WiredServerMenuOff.png in Resources */ = {isa = PBXBuildFile; fileRef = 4C233CBD152124B600245506 /* WiredServerMenuOff.png */; };
		4C233CC21521329E00245506 /* WiredServer.icns in Resources */ = {isa = PBXBuildFile; fileRef = 4C8D33DB151E96E4001A6BF7 /* WiredServer.icns */; };
		4C233CFD15228BB800245506 /* wiredserverrnote.html in Resources */ = {isa = PBXBuildFile; fileRef = 4C233CFC15228BB800245506 /* wiredserverrnote.html */; };
		4C4A2959151F880C0084E041 /* Console.icns in Resources */ = {isa = PBXBuildFile; fileRef = 4C4A2958151F880C0084E041 /* Console.icns */; };
		4C4A2969151F894F0084E041 /* GrayDrop.tiff in Resources */ = {isa = PBXBuildFile; fileRef = 4C4A2966151F894F0084E041 /* GrayDrop.tiff */; };
		4C4A296A151F894F0084E041 /* GreenDrop.tiff in Resources */ = {isa = PBXBuildFile; fileRef = 4C4A2967151F894F0084E041 /* GreenDrop.tiff */; };
		4C4A296B151F894F0084E041 /* RedDrop.tiff in Resources */ = {isa = PBXBuildFile; fileRef = 4C4A2968151F894F0084E041 /* RedDrop.tiff */; };
		4C5EDCC7154366750031D44E /* man in Resources */ = {isa = PBXBuildFile; fileRef = 4C5EDCC6154366740031D44E /* man */; };
		4C789007170B35DE004CE617 /* wired.a in Frameworks */ = {isa = PBXBuildFile; fileRef = 4C788FF2170B35BF004CE617 /* wired.a */; };
		4C789010170B3998004CE617 /* WiredFoundation.framework in Copy Frameworks */ = {isa = PBXBuildFile; fileRef = 4C788FFA170B35BF004CE617 /* WiredFoundation.framework */; settings = {ATTRIBUTES = (CodeSignOnCopy, ); }; };
		4C789011170B3998004CE617 /* WiredAppKit.framework in Copy Frameworks */ = {isa = PBXBuildFile; fileRef = 4C788FFE170B35BF004CE617 /* WiredAppKit.framework */; settings = {ATTRIBUTES = (CodeSignOnCopy, ); }; };
		4C789013170B39CE004CE617 /* WiredFoundation.framework in Frameworks */ = {isa = PBXBuildFile; fileRef = 4C788FFA170B35BF004CE617 /* WiredFoundation.framework */; };
		4C789014170B39CE004CE617 /* WiredAppKit.framework in Frameworks */ = {isa = PBXBuildFile; fileRef = 4C788FFE170B35BF004CE617 /* WiredAppKit.framework */; };
		4C789019170B3E3C004CE617 /* wired.a in Frameworks */ = {isa = PBXBuildFile; fileRef = 4C788FF2170B35BF004CE617 /* wired.a */; };
		4C78901A170B3E3C004CE617 /* WiredAppKit.framework in Frameworks */ = {isa = PBXBuildFile; fileRef = 4C788FFE170B35BF004CE617 /* WiredAppKit.framework */; };
		4C78901B170B3E3C004CE617 /* WiredFoundation.framework in Frameworks */ = {isa = PBXBuildFile; fileRef = 4C788FFA170B35BF004CE617 /* WiredFoundation.framework */; };
		4C78901E170B3E47004CE617 /* WiredFoundation.framework in Copy Frameworks */ = {isa = PBXBuildFile; fileRef = 4C788FFA170B35BF004CE617 /* WiredFoundation.framework */; settings = {ATTRIBUTES = (CodeSignOnCopy, ); }; };
		4C78901F170B3E47004CE617 /* WiredAppKit.framework in Copy Frameworks */ = {isa = PBXBuildFile; fileRef = 4C788FFE170B35BF004CE617 /* WiredAppKit.framework */; settings = {ATTRIBUTES = (CodeSignOnCopy, ); }; };
		4C8D3359151E2D8D001A6BF7 /* Cocoa.framework in Frameworks */ = {isa = PBXBuildFile; fileRef = 4C8D3358151E2D8D001A6BF7 /* Cocoa.framework */; };
		4C8D3363151E2D8D001A6BF7 /* InfoPlist.strings in Resources */ = {isa = PBXBuildFile; fileRef = 4C8D3361151E2D8D001A6BF7 /* InfoPlist.strings */; };
		4C8D3365151E2D8D001A6BF7 /* main.m in Sources */ = {isa = PBXBuildFile; fileRef = 4C8D3364151E2D8D001A6BF7 /* main.m */; };
		4C8D3369151E2D8D001A6BF7 /* Credits.rtf in Resources */ = {isa = PBXBuildFile; fileRef = 4C8D3367151E2D8D001A6BF7 /* Credits.rtf */; };
		4C8D336C151E2D8D001A6BF7 /* WSAppDelegate.m in Sources */ = {isa = PBXBuildFile; fileRef = 4C8D336B151E2D8D001A6BF7 /* WSAppDelegate.m */; };
		4C8D336F151E2D8D001A6BF7 /* MainMenu.xib in Resources */ = {isa = PBXBuildFile; fileRef = 4C8D336D151E2D8D001A6BF7 /* MainMenu.xib */; };
		4C8D33DC151E96E4001A6BF7 /* WiredServer.icns in Resources */ = {isa = PBXBuildFile; fileRef = 4C8D33DB151E96E4001A6BF7 /* WiredServer.icns */; };
		4C8D341B151E9B0B001A6BF7 /* install.sh in Resources */ = {isa = PBXBuildFile; fileRef = 4C8D3417151E9B0B001A6BF7 /* install.sh */; };
		4C8D341D151E9B0B001A6BF7 /* uninstall.sh in Resources */ = {isa = PBXBuildFile; fileRef = 4C8D3419151E9B0B001A6BF7 /* uninstall.sh */; };
		4C8D341E151E9B0B001A6BF7 /* update.sh in Resources */ = {isa = PBXBuildFile; fileRef = 4C8D341A151E9B0B001A6BF7 /* update.sh */; };
		4C8D3420151E9B1B001A6BF7 /* Wired in Resources */ = {isa = PBXBuildFile; fileRef = 4C8D341F151E9B1B001A6BF7 /* Wired */; };
		4C8D3483151F58D7001A6BF7 /* WPAccountManager.m in Sources */ = {isa = PBXBuildFile; fileRef = 4C8D3472151F58D7001A6BF7 /* WPAccountManager.m */; };
		4C8D3484151F58D7001A6BF7 /* WPConfigManager.m in Sources */ = {isa = PBXBuildFile; fileRef = 4C8D3474151F58D7001A6BF7 /* WPConfigManager.m */; };
		4C8D3485151F58D7001A6BF7 /* WPDatabaseManager.m in Sources */ = {isa = PBXBuildFile; fileRef = 4C8D3476151F58D7001A6BF7 /* WPDatabaseManager.m */; };
		4C8D3486151F58D7001A6BF7 /* WPError.m in Sources */ = {isa = PBXBuildFile; fileRef = 4C8D3478151F58D7001A6BF7 /* WPError.m */; };
		4C8D3487151F58D7001A6BF7 /* WPExportManager.m in Sources */ = {isa = PBXBuildFile; fileRef = 4C8D347A151F58D7001A6BF7 /* WPExportManager.m */; };
		4C8D3488151F58D7001A6BF7 /* WPLogManager.m in Sources */ = {isa = PBXBuildFile; fileRef = 4C8D347C151F58D7001A6BF7 /* WPLogManager.m */; };
		4C8D3489151F58D7001A6BF7 /* WPPortChecker.m in Sources */ = {isa = PBXBuildFile; fileRef = 4C8D347E151F58D7001A6BF7 /* WPPortChecker.m */; };
		4C8D348A151F58D7001A6BF7 /* WPSettings.m in Sources */ = {isa = PBXBuildFile; fileRef = 4C8D3480151F58D7001A6BF7 /* WPSettings.m */; };
		4C8D348B151F58D7001A6BF7 /* WPWiredManager.m in Sources */ = {isa = PBXBuildFile; fileRef = 4C8D3482151F58D7001A6BF7 /* WPWiredManager.m */; };
		4C8D34B7151F81C3001A6BF7 /* WSSettingsController.m in Sources */ = {isa = PBXBuildFile; fileRef = 4C8D34B6151F81C3001A6BF7 /* WSSettingsController.m */; };
		4C8D34E0151F84E3001A6BF7 /* Updates.tiff in Resources */ = {isa = PBXBuildFile; fileRef = 4C8D34DF151F84E3001A6BF7 /* Updates.tiff */; };
		4CB57B171779007D006ECB87 /* Settings.xib in Resources */ = {isa = PBXBuildFile; fileRef = 4CB57B151779007D006ECB87 /* Settings.xib */; };
		4CD34ED91571ACED0054E305 /* Files.png in Resources */ = {isa = PBXBuildFile; fileRef = 4CD34ED81571ACED0054E305 /* Files.png */; };
		4CE5D55224475A48000333FB /* dsa_pub.pem in Resources */ = {isa = PBXBuildFile; fileRef = 4CE5D55124475A48000333FB /* dsa_pub.pem */; };
		B133499321B1BA55004AF77F /* libwired in Resources */ = {isa = PBXBuildFile; fileRef = B133499021B1BA55004AF77F /* libwired */; };
		B133499B21B1BD8D004AF77F /* WebKit.framework in Frameworks */ = {isa = PBXBuildFile; fileRef = B133499821B1BD8D004AF77F /* WebKit.framework */; };
		B133499D21B1BD9F004AF77F /* Quartz.framework in Frameworks */ = {isa = PBXBuildFile; fileRef = B133499C21B1BD9E004AF77F /* Quartz.framework */; };
		B133499F21B1BE6B004AF77F /* libsqlite3.dylib in Frameworks */ = {isa = PBXBuildFile; fileRef = B133499E21B1BE6B004AF77F /* libsqlite3.dylib */; };
/* End PBXBuildFile section */

/* Begin PBXContainerItemProxy section */
		4C16298424479888007FA399 /* PBXContainerItemProxy */ = {
			isa = PBXContainerItemProxy;
			containerPortal = 4C8D334B151E2D8C001A6BF7 /* Project object */;
			proxyType = 1;
			remoteGlobalIDString = 4C8A853E21B05BB2001154BC;
			remoteInfo = wired;
		};
		4C233CBA15211F9C00245506 /* PBXContainerItemProxy */ = {
			isa = PBXContainerItemProxy;
			containerPortal = 4C8D334B151E2D8C001A6BF7 /* Project object */;
			proxyType = 1;
			remoteGlobalIDString = 4C233C881521022800245506;
			remoteInfo = "Wired Server Helper";
		};
		4C788FF1170B35BF004CE617 /* PBXContainerItemProxy */ = {
			isa = PBXContainerItemProxy;
			containerPortal = 4C788FDF170B35BE004CE617 /* WiredFrameworks.xcodeproj */;
			proxyType = 2;
			remoteGlobalIDString = 4CBDAD14147AF94F00D0C51A;
			remoteInfo = "libwired-osx";
		};
		4C788FF9170B35BF004CE617 /* PBXContainerItemProxy */ = {
			isa = PBXContainerItemProxy;
			containerPortal = 4C788FDF170B35BE004CE617 /* WiredFrameworks.xcodeproj */;
			proxyType = 2;
			remoteGlobalIDString = 4C417209147DC2B300DC0A9A;
			remoteInfo = WiredFoundation;
		};
		4C788FFB170B35BF004CE617 /* PBXContainerItemProxy */ = {
			isa = PBXContainerItemProxy;
			containerPortal = 4C788FDF170B35BE004CE617 /* WiredFrameworks.xcodeproj */;
			proxyType = 2;
			remoteGlobalIDString = 4C41725C147DC40900DC0A9A;
			remoteInfo = WiredNetworking;
		};
		4C788FFD170B35BF004CE617 /* PBXContainerItemProxy */ = {
			isa = PBXContainerItemProxy;
			containerPortal = 4C788FDF170B35BE004CE617 /* WiredFrameworks.xcodeproj */;
			proxyType = 2;
			remoteGlobalIDString = 4C417302147EDF1000DC0A9A;
			remoteInfo = WiredAppKit;
		};
		4C788FFF170B35BF004CE617 /* PBXContainerItemProxy */ = {
			isa = PBXContainerItemProxy;
			containerPortal = 4C788FDF170B35BE004CE617 /* WiredFrameworks.xcodeproj */;
			proxyType = 2;
			remoteGlobalIDString = 4CFDCBD01569533C00DA17A6;
			remoteInfo = "ChatHistory-default";
		};
		4C789001170B35D6004CE617 /* PBXContainerItemProxy */ = {
			isa = PBXContainerItemProxy;
			containerPortal = 4C788FDF170B35BE004CE617 /* WiredFrameworks.xcodeproj */;
			proxyType = 1;
			remoteGlobalIDString = 4C417208147DC2B300DC0A9A;
			remoteInfo = WiredFoundation;
		};
		4C789003170B35D6004CE617 /* PBXContainerItemProxy */ = {
			isa = PBXContainerItemProxy;
			containerPortal = 4C788FDF170B35BE004CE617 /* WiredFrameworks.xcodeproj */;
			proxyType = 1;
			remoteGlobalIDString = 4C417301147EDF1000DC0A9A;
			remoteInfo = WiredAppKit;
		};
		4C789015170B3E35004CE617 /* PBXContainerItemProxy */ = {
			isa = PBXContainerItemProxy;
			containerPortal = 4C788FDF170B35BE004CE617 /* WiredFrameworks.xcodeproj */;
			proxyType = 1;
			remoteGlobalIDString = 4C417208147DC2B300DC0A9A;
			remoteInfo = WiredFoundation;
		};
		4C789017170B3E35004CE617 /* PBXContainerItemProxy */ = {
			isa = PBXContainerItemProxy;
			containerPortal = 4C788FDF170B35BE004CE617 /* WiredFrameworks.xcodeproj */;
			proxyType = 1;
			remoteGlobalIDString = 4C417301147EDF1000DC0A9A;
			remoteInfo = WiredAppKit;
		};
		4C78901C170B3E3F004CE617 /* PBXContainerItemProxy */ = {
			isa = PBXContainerItemProxy;
			containerPortal = 4C788FDF170B35BE004CE617 /* WiredFrameworks.xcodeproj */;
			proxyType = 1;
			remoteGlobalIDString = 4CBDAD13147AF94F00D0C51A;
			remoteInfo = "libwired-osx";
		};
		4C8865D721A1BE56002A7F8A /* PBXContainerItemProxy */ = {
			isa = PBXContainerItemProxy;
			containerPortal = 4C788FDF170B35BE004CE617 /* WiredFrameworks.xcodeproj */;
			proxyType = 1;
			remoteGlobalIDString = 4CBDAD13147AF94F00D0C51A;
			remoteInfo = "libwired-osx";
		};
		4CDD88AE15F76CA500283005 /* PBXContainerItemProxy */ = {
			isa = PBXContainerItemProxy;
			containerPortal = 4C8D334B151E2D8C001A6BF7 /* Project object */;
			proxyType = 1;
			remoteGlobalIDString = 4C8D3353151E2D8D001A6BF7;
			remoteInfo = "Wired Server";
		};
		4CE5D5632447718E000333FB /* PBXContainerItemProxy */ = {
			isa = PBXContainerItemProxy;
			containerPortal = 4C8D334B151E2D8C001A6BF7 /* Project object */;
			proxyType = 1;
			remoteGlobalIDString = 4C8A853E21B05BB2001154BC;
			remoteInfo = wired;
		};
/* End PBXContainerItemProxy section */

/* Begin PBXCopyFilesBuildPhase section */
		4C233CAC152111CF00245506 /* Copy Frameworks */ = {
			isa = PBXCopyFilesBuildPhase;
			buildActionMask = 2147483647;
			dstPath = "";
			dstSubfolderSpec = 10;
			files = (
				4C78901E170B3E47004CE617 /* WiredFoundation.framework in Copy Frameworks */,
				4C78901F170B3E47004CE617 /* WiredAppKit.framework in Copy Frameworks */,
			);
			name = "Copy Frameworks";
			runOnlyForDeploymentPostprocessing = 0;
		};
		4C8D33E8151E98AC001A6BF7 /* Copy Frameworks */ = {
			isa = PBXCopyFilesBuildPhase;
			buildActionMask = 2147483647;
			dstPath = "";
			dstSubfolderSpec = 10;
			files = (
				4C789010170B3998004CE617 /* WiredFoundation.framework in Copy Frameworks */,
				4C789011170B3998004CE617 /* WiredAppKit.framework in Copy Frameworks */,
			);
			name = "Copy Frameworks";
			runOnlyForDeploymentPostprocessing = 0;
		};
/* End PBXCopyFilesBuildPhase section */

/* Begin PBXFileReference section */
		1CF33703957EEC429684DE77 /* Pods-Wired Server.debug.xcconfig */ = {isa = PBXFileReference; includeInIndex = 1; lastKnownFileType = text.xcconfig; name = "Pods-Wired Server.debug.xcconfig"; path = "Pods/Target Support Files/Pods-Wired Server/Pods-Wired Server.debug.xcconfig"; sourceTree = "<group>"; };
		4C016F7D1778E97C00D6D2B3 /* fr */ = {isa = PBXFileReference; lastKnownFileType = file.xib; name = fr; path = fr.lproj/MainMenu.xib; sourceTree = "<group>"; };
		4C016F7E1778E97D00D6D2B3 /* fr */ = {isa = PBXFileReference; lastKnownFileType = text.plist.strings; name = fr; path = fr.lproj/InfoPlist.strings; sourceTree = "<group>"; };
		4C016F7F1778E97D00D6D2B3 /* fr */ = {isa = PBXFileReference; lastKnownFileType = text.rtf; name = fr; path = fr.lproj/Credits.rtf; sourceTree = "<group>"; };
		4C016F991778F6E200D6D2B3 /* en */ = {isa = PBXFileReference; lastKnownFileType = text.plist.strings; name = en; path = en.lproj/Localizable.strings; sourceTree = "<group>"; };
		4C016F9B1778F6E700D6D2B3 /* fr */ = {isa = PBXFileReference; lastKnownFileType = text.plist.strings; name = fr; path = fr.lproj/Localizable.strings; sourceTree = "<group>"; };
		4C233C891521022800245506 /* Wired Server Helper.app */ = {isa = PBXFileReference; explicitFileType = wrapper.application; includeInIndex = 0; path = "Wired Server Helper.app"; sourceTree = BUILT_PRODUCTS_DIR; };
		4C233C8E1521022800245506 /* Wired Server Helper-Info.plist */ = {isa = PBXFileReference; lastKnownFileType = text.plist.xml; path = "Wired Server Helper-Info.plist"; sourceTree = "<group>"; };
		4C233C901521022800245506 /* en */ = {isa = PBXFileReference; lastKnownFileType = text.plist.strings; name = en; path = en.lproj/InfoPlist.strings; sourceTree = "<group>"; };
		4C233C921521022800245506 /* main.m */ = {isa = PBXFileReference; lastKnownFileType = sourcecode.c.objc; path = main.m; sourceTree = "<group>"; };
		4C233C941521022800245506 /* Wired Server Helper-Prefix.pch */ = {isa = PBXFileReference; lastKnownFileType = sourcecode.c.h; path = "Wired Server Helper-Prefix.pch"; sourceTree = "<group>"; };
		4C233C961521022800245506 /* en */ = {isa = PBXFileReference; lastKnownFileType = text.rtf; name = en; path = en.lproj/Credits.rtf; sourceTree = "<group>"; };
		4C233C981521022800245506 /* WHAppDelegate.h */ = {isa = PBXFileReference; lastKnownFileType = sourcecode.c.h; path = WHAppDelegate.h; sourceTree = "<group>"; };
		4C233C991521022800245506 /* WHAppDelegate.m */ = {isa = PBXFileReference; lastKnownFileType = sourcecode.c.objc; path = WHAppDelegate.m; sourceTree = "<group>"; };
		4C233CA1152103FE00245506 /* WiredServerMenu.png */ = {isa = PBXFileReference; lastKnownFileType = image.png; path = WiredServerMenu.png; sourceTree = "<group>"; };
		4C233CA31521063A00245506 /* WHStatusController.h */ = {isa = PBXFileReference; fileEncoding = 4; lastKnownFileType = sourcecode.c.h; path = WHStatusController.h; sourceTree = "<group>"; };
		4C233CA41521063A00245506 /* WHStatusController.m */ = {isa = PBXFileReference; fileEncoding = 4; lastKnownFileType = sourcecode.c.objc; path = WHStatusController.m; sourceTree = "<group>"; };
		4C233CBD152124B600245506 /* WiredServerMenuOff.png */ = {isa = PBXFileReference; lastKnownFileType = image.png; path = WiredServerMenuOff.png; sourceTree = "<group>"; };
		4C233CFC15228BB800245506 /* wiredserverrnote.html */ = {isa = PBXFileReference; fileEncoding = 4; lastKnownFileType = text.html; path = wiredserverrnote.html; sourceTree = "<group>"; };
		4C4A2958151F880C0084E041 /* Console.icns */ = {isa = PBXFileReference; lastKnownFileType = image.icns; path = Console.icns; sourceTree = "<group>"; };
		4C4A2966151F894F0084E041 /* GrayDrop.tiff */ = {isa = PBXFileReference; lastKnownFileType = image.tiff; path = GrayDrop.tiff; sourceTree = "<group>"; };
		4C4A2967151F894F0084E041 /* GreenDrop.tiff */ = {isa = PBXFileReference; lastKnownFileType = image.tiff; path = GreenDrop.tiff; sourceTree = "<group>"; };
		4C4A2968151F894F0084E041 /* RedDrop.tiff */ = {isa = PBXFileReference; lastKnownFileType = image.tiff; path = RedDrop.tiff; sourceTree = "<group>"; };
		4C4FDE69177900CA00FADB95 /* fr */ = {isa = PBXFileReference; lastKnownFileType = file.xib; name = fr; path = fr.lproj/Settings.xib; sourceTree = "<group>"; };
		4C5EDCC6154366740031D44E /* man */ = {isa = PBXFileReference; lastKnownFileType = folder; name = man; path = ../wired/man; sourceTree = "<group>"; };
		4C788FDF170B35BE004CE617 /* WiredFrameworks.xcodeproj */ = {isa = PBXFileReference; lastKnownFileType = "wrapper.pb-project"; name = WiredFrameworks.xcodeproj; path = WiredFrameworks/WiredFrameworks.xcodeproj; sourceTree = "<group>"; };
		4C8CB801159A6D37008C7EB9 /* wired.sh */ = {isa = PBXFileReference; fileEncoding = 4; lastKnownFileType = text.script.sh; path = wired.sh; sourceTree = "<group>"; };
		4C8D3354151E2D8D001A6BF7 /* Wired Server.app */ = {isa = PBXFileReference; explicitFileType = wrapper.application; includeInIndex = 0; path = "Wired Server.app"; sourceTree = BUILT_PRODUCTS_DIR; };
		4C8D3358151E2D8D001A6BF7 /* Cocoa.framework */ = {isa = PBXFileReference; lastKnownFileType = wrapper.framework; name = Cocoa.framework; path = System/Library/Frameworks/Cocoa.framework; sourceTree = SDKROOT; };
		4C8D335B151E2D8D001A6BF7 /* AppKit.framework */ = {isa = PBXFileReference; lastKnownFileType = wrapper.framework; name = AppKit.framework; path = System/Library/Frameworks/AppKit.framework; sourceTree = SDKROOT; };
		4C8D335C151E2D8D001A6BF7 /* CoreData.framework */ = {isa = PBXFileReference; lastKnownFileType = wrapper.framework; name = CoreData.framework; path = System/Library/Frameworks/CoreData.framework; sourceTree = SDKROOT; };
		4C8D335D151E2D8D001A6BF7 /* Foundation.framework */ = {isa = PBXFileReference; lastKnownFileType = wrapper.framework; name = Foundation.framework; path = System/Library/Frameworks/Foundation.framework; sourceTree = SDKROOT; };
		4C8D3360151E2D8D001A6BF7 /* WiredServer-Info.plist */ = {isa = PBXFileReference; lastKnownFileType = text.plist.xml; path = "WiredServer-Info.plist"; sourceTree = "<group>"; };
		4C8D3362151E2D8D001A6BF7 /* en */ = {isa = PBXFileReference; lastKnownFileType = text.plist.strings; name = en; path = en.lproj/InfoPlist.strings; sourceTree = "<group>"; };
		4C8D3364151E2D8D001A6BF7 /* main.m */ = {isa = PBXFileReference; lastKnownFileType = sourcecode.c.objc; path = main.m; sourceTree = "<group>"; };
		4C8D3366151E2D8D001A6BF7 /* Wired Server-Prefix.pch */ = {isa = PBXFileReference; lastKnownFileType = sourcecode.c.h; path = "Wired Server-Prefix.pch"; sourceTree = "<group>"; };
		4C8D3368151E2D8D001A6BF7 /* en */ = {isa = PBXFileReference; lastKnownFileType = text.rtf; name = en; path = en.lproj/Credits.rtf; sourceTree = "<group>"; };
		4C8D336A151E2D8D001A6BF7 /* WSAppDelegate.h */ = {isa = PBXFileReference; lastKnownFileType = sourcecode.c.h; path = WSAppDelegate.h; sourceTree = "<group>"; };
		4C8D336B151E2D8D001A6BF7 /* WSAppDelegate.m */ = {isa = PBXFileReference; lastKnownFileType = sourcecode.c.objc; path = WSAppDelegate.m; sourceTree = "<group>"; };
		4C8D33DB151E96E4001A6BF7 /* WiredServer.icns */ = {isa = PBXFileReference; lastKnownFileType = image.icns; path = WiredServer.icns; sourceTree = "<group>"; };
		4C8D3417151E9B0B001A6BF7 /* install.sh */ = {isa = PBXFileReference; fileEncoding = 4; lastKnownFileType = text.script.sh; path = install.sh; sourceTree = "<group>"; };
		4C8D3419151E9B0B001A6BF7 /* uninstall.sh */ = {isa = PBXFileReference; fileEncoding = 4; lastKnownFileType = text.script.sh; path = uninstall.sh; sourceTree = "<group>"; };
		4C8D341A151E9B0B001A6BF7 /* update.sh */ = {isa = PBXFileReference; fileEncoding = 4; lastKnownFileType = text.script.sh; path = update.sh; sourceTree = "<group>"; };
		4C8D341F151E9B1B001A6BF7 /* Wired */ = {isa = PBXFileReference; lastKnownFileType = text; path = Wired; sourceTree = BUILT_PRODUCTS_DIR; };
		4C8D3471151F58D7001A6BF7 /* WPAccountManager.h */ = {isa = PBXFileReference; fileEncoding = 4; lastKnownFileType = sourcecode.c.h; path = WPAccountManager.h; sourceTree = "<group>"; };
		4C8D3472151F58D7001A6BF7 /* WPAccountManager.m */ = {isa = PBXFileReference; fileEncoding = 4; lastKnownFileType = sourcecode.c.objc; path = WPAccountManager.m; sourceTree = "<group>"; };
		4C8D3473151F58D7001A6BF7 /* WPConfigManager.h */ = {isa = PBXFileReference; fileEncoding = 4; lastKnownFileType = sourcecode.c.h; path = WPConfigManager.h; sourceTree = "<group>"; };
		4C8D3474151F58D7001A6BF7 /* WPConfigManager.m */ = {isa = PBXFileReference; fileEncoding = 4; lastKnownFileType = sourcecode.c.objc; path = WPConfigManager.m; sourceTree = "<group>"; };
		4C8D3475151F58D7001A6BF7 /* WPDatabaseManager.h */ = {isa = PBXFileReference; fileEncoding = 4; lastKnownFileType = sourcecode.c.h; path = WPDatabaseManager.h; sourceTree = "<group>"; };
		4C8D3476151F58D7001A6BF7 /* WPDatabaseManager.m */ = {isa = PBXFileReference; fileEncoding = 4; lastKnownFileType = sourcecode.c.objc; path = WPDatabaseManager.m; sourceTree = "<group>"; };
		4C8D3477151F58D7001A6BF7 /* WPError.h */ = {isa = PBXFileReference; fileEncoding = 4; lastKnownFileType = sourcecode.c.h; path = WPError.h; sourceTree = "<group>"; };
		4C8D3478151F58D7001A6BF7 /* WPError.m */ = {isa = PBXFileReference; fileEncoding = 4; lastKnownFileType = sourcecode.c.objc; path = WPError.m; sourceTree = "<group>"; };
		4C8D3479151F58D7001A6BF7 /* WPExportManager.h */ = {isa = PBXFileReference; fileEncoding = 4; lastKnownFileType = sourcecode.c.h; path = WPExportManager.h; sourceTree = "<group>"; };
		4C8D347A151F58D7001A6BF7 /* WPExportManager.m */ = {isa = PBXFileReference; fileEncoding = 4; lastKnownFileType = sourcecode.c.objc; path = WPExportManager.m; sourceTree = "<group>"; };
		4C8D347B151F58D7001A6BF7 /* WPLogManager.h */ = {isa = PBXFileReference; fileEncoding = 4; lastKnownFileType = sourcecode.c.h; path = WPLogManager.h; sourceTree = "<group>"; };
		4C8D347C151F58D7001A6BF7 /* WPLogManager.m */ = {isa = PBXFileReference; fileEncoding = 4; lastKnownFileType = sourcecode.c.objc; path = WPLogManager.m; sourceTree = "<group>"; };
		4C8D347D151F58D7001A6BF7 /* WPPortChecker.h */ = {isa = PBXFileReference; fileEncoding = 4; lastKnownFileType = sourcecode.c.h; path = WPPortChecker.h; sourceTree = "<group>"; };
		4C8D347E151F58D7001A6BF7 /* WPPortChecker.m */ = {isa = PBXFileReference; fileEncoding = 4; lastKnownFileType = sourcecode.c.objc; path = WPPortChecker.m; sourceTree = "<group>"; };
		4C8D347F151F58D7001A6BF7 /* WPSettings.h */ = {isa = PBXFileReference; fileEncoding = 4; lastKnownFileType = sourcecode.c.h; path = WPSettings.h; sourceTree = "<group>"; };
		4C8D3480151F58D7001A6BF7 /* WPSettings.m */ = {isa = PBXFileReference; fileEncoding = 4; lastKnownFileType = sourcecode.c.objc; path = WPSettings.m; sourceTree = "<group>"; };
		4C8D3481151F58D7001A6BF7 /* WPWiredManager.h */ = {isa = PBXFileReference; fileEncoding = 4; lastKnownFileType = sourcecode.c.h; path = WPWiredManager.h; sourceTree = "<group>"; };
		4C8D3482151F58D7001A6BF7 /* WPWiredManager.m */ = {isa = PBXFileReference; fileEncoding = 4; lastKnownFileType = sourcecode.c.objc; path = WPWiredManager.m; sourceTree = "<group>"; wrapsLines = 1; };
		4C8D34B5151F81C2001A6BF7 /* WSSettingsController.h */ = {isa = PBXFileReference; fileEncoding = 4; lastKnownFileType = sourcecode.c.h; path = WSSettingsController.h; sourceTree = "<group>"; };
		4C8D34B6151F81C3001A6BF7 /* WSSettingsController.m */ = {isa = PBXFileReference; fileEncoding = 4; lastKnownFileType = sourcecode.c.objc; path = WSSettingsController.m; sourceTree = "<group>"; };
		4C8D34DF151F84E3001A6BF7 /* Updates.tiff */ = {isa = PBXFileReference; lastKnownFileType = image.tiff; path = Updates.tiff; sourceTree = "<group>"; };
		4C9623312448A823001F1C86 /* wi-regexp.h */ = {isa = PBXFileReference; lastKnownFileType = sourcecode.c.h; path = "wi-regexp.h"; sourceTree = "<group>"; };
		4C9623322448A823001F1C86 /* wi-random.h */ = {isa = PBXFileReference; lastKnownFileType = sourcecode.c.h; path = "wi-random.h"; sourceTree = "<group>"; };
		4C9623332448A823001F1C86 /* wi-test.h */ = {isa = PBXFileReference; lastKnownFileType = sourcecode.c.h; path = "wi-test.h"; sourceTree = "<group>"; };
		4C9623342448A823001F1C86 /* wi-settings.h */ = {isa = PBXFileReference; lastKnownFileType = sourcecode.c.h; path = "wi-settings.h"; sourceTree = "<group>"; };
		4C9623352448A823001F1C86 /* wi-config.c */ = {isa = PBXFileReference; lastKnownFileType = sourcecode.c.c; path = "wi-config.c"; sourceTree = "<group>"; };
		4C9623362448A823001F1C86 /* wi-pool.h */ = {isa = PBXFileReference; lastKnownFileType = sourcecode.c.h; path = "wi-pool.h"; sourceTree = "<group>"; };
		4C9623372448A823001F1C86 /* wi-error.h */ = {isa = PBXFileReference; lastKnownFileType = sourcecode.c.h; path = "wi-error.h"; sourceTree = "<group>"; };
		4C9623382448A823001F1C86 /* wi-random.c */ = {isa = PBXFileReference; lastKnownFileType = sourcecode.c.c; path = "wi-random.c"; sourceTree = "<group>"; };
		4C9623392448A823001F1C86 /* wi-regexp.c */ = {isa = PBXFileReference; lastKnownFileType = sourcecode.c.c; path = "wi-regexp.c"; sourceTree = "<group>"; };
		4C96233A2448A823001F1C86 /* wi-settings.c */ = {isa = PBXFileReference; lastKnownFileType = sourcecode.c.c; path = "wi-settings.c"; sourceTree = "<group>"; };
		4C96233B2448A823001F1C86 /* wi-test.c */ = {isa = PBXFileReference; lastKnownFileType = sourcecode.c.c; path = "wi-test.c"; sourceTree = "<group>"; };
		4C96233C2448A823001F1C86 /* wi-error.c */ = {isa = PBXFileReference; lastKnownFileType = sourcecode.c.c; path = "wi-error.c"; sourceTree = "<group>"; };
		4C96233D2448A823001F1C86 /* wi-pool.c */ = {isa = PBXFileReference; lastKnownFileType = sourcecode.c.c; path = "wi-pool.c"; sourceTree = "<group>"; };
		4C96233E2448A823001F1C86 /* wi-config.h */ = {isa = PBXFileReference; lastKnownFileType = sourcecode.c.h; path = "wi-config.h"; sourceTree = "<group>"; };
		4C9623402448A823001F1C86 /* wi-cipher.c */ = {isa = PBXFileReference; lastKnownFileType = sourcecode.c.c; path = "wi-cipher.c"; sourceTree = "<group>"; };
		4C9623412448A823001F1C86 /* wi-digest.c */ = {isa = PBXFileReference; lastKnownFileType = sourcecode.c.c; path = "wi-digest.c"; sourceTree = "<group>"; };
		4C9623422448A823001F1C86 /* wi-x509.h */ = {isa = PBXFileReference; lastKnownFileType = sourcecode.c.h; path = "wi-x509.h"; sourceTree = "<group>"; };
		4C9623432448A823001F1C86 /* wi-rsa.h */ = {isa = PBXFileReference; lastKnownFileType = sourcecode.c.h; path = "wi-rsa.h"; sourceTree = "<group>"; };
		4C9623442448A823001F1C86 /* wi-cipher.h */ = {isa = PBXFileReference; lastKnownFileType = sourcecode.c.h; path = "wi-cipher.h"; sourceTree = "<group>"; };
		4C9623452448A823001F1C86 /* wi-digest.h */ = {isa = PBXFileReference; lastKnownFileType = sourcecode.c.h; path = "wi-digest.h"; sourceTree = "<group>"; };
		4C9623462448A823001F1C86 /* wi-x509.c */ = {isa = PBXFileReference; lastKnownFileType = sourcecode.c.c; path = "wi-x509.c"; sourceTree = "<group>"; };
		4C9623472448A823001F1C86 /* wi-rsa.c */ = {isa = PBXFileReference; lastKnownFileType = sourcecode.c.c; path = "wi-rsa.c"; sourceTree = "<group>"; };
		4C9623492448A823001F1C86 /* wi-socket.h */ = {isa = PBXFileReference; lastKnownFileType = sourcecode.c.h; path = "wi-socket.h"; sourceTree = "<group>"; };
		4C96234A2448A823001F1C86 /* wi-ip.c */ = {isa = PBXFileReference; lastKnownFileType = sourcecode.c.c; path = "wi-ip.c"; sourceTree = "<group>"; };
		4C96234B2448A823001F1C86 /* wi-speed-calculator.h */ = {isa = PBXFileReference; lastKnownFileType = sourcecode.c.h; path = "wi-speed-calculator.h"; sourceTree = "<group>"; };
		4C96234C2448A823001F1C86 /* wi-address.c */ = {isa = PBXFileReference; lastKnownFileType = sourcecode.c.c; path = "wi-address.c"; sourceTree = "<group>"; };
		4C96234D2448A823001F1C86 /* wi-host.h */ = {isa = PBXFileReference; lastKnownFileType = sourcecode.c.h; path = "wi-host.h"; sourceTree = "<group>"; };
		4C96234E2448A823001F1C86 /* wi-wired.h */ = {isa = PBXFileReference; lastKnownFileType = sourcecode.c.h; path = "wi-wired.h"; sourceTree = "<group>"; };
		4C96234F2448A823001F1C86 /* wi-socket.c */ = {isa = PBXFileReference; lastKnownFileType = sourcecode.c.c; path = "wi-socket.c"; sourceTree = "<group>"; };
		4C9623502448A823001F1C86 /* wi-address.h */ = {isa = PBXFileReference; lastKnownFileType = sourcecode.c.h; path = "wi-address.h"; sourceTree = "<group>"; };
		4C9623512448A823001F1C86 /* wi-host.c */ = {isa = PBXFileReference; lastKnownFileType = sourcecode.c.c; path = "wi-host.c"; sourceTree = "<group>"; };
		4C9623522448A823001F1C86 /* wi-ip.h */ = {isa = PBXFileReference; lastKnownFileType = sourcecode.c.h; path = "wi-ip.h"; sourceTree = "<group>"; };
		4C9623532448A823001F1C86 /* wi-speed-calculator.c */ = {isa = PBXFileReference; lastKnownFileType = sourcecode.c.c; path = "wi-speed-calculator.c"; sourceTree = "<group>"; };
		4C9623542448A823001F1C86 /* wi-wired.c */ = {isa = PBXFileReference; lastKnownFileType = sourcecode.c.c; path = "wi-wired.c"; sourceTree = "<group>"; };
		4C9623552448A823001F1C86 /* wired.h */ = {isa = PBXFileReference; lastKnownFileType = sourcecode.c.h; path = wired.h; sourceTree = "<group>"; };
		4C9623572448A823001F1C86 /* wi-fts.c */ = {isa = PBXFileReference; lastKnownFileType = sourcecode.c.c; path = "wi-fts.c"; sourceTree = "<group>"; };
		4C9623582448A823001F1C86 /* wi-file.h */ = {isa = PBXFileReference; lastKnownFileType = sourcecode.c.h; path = "wi-file.h"; sourceTree = "<group>"; };
		4C9623592448A823001F1C86 /* wi-fsevents.c */ = {isa = PBXFileReference; lastKnownFileType = sourcecode.c.c; path = "wi-fsevents.c"; sourceTree = "<group>"; };
		4C96235A2448A823001F1C86 /* wi-fsenumerator.h */ = {isa = PBXFileReference; lastKnownFileType = sourcecode.c.h; path = "wi-fsenumerator.h"; sourceTree = "<group>"; };
		4C96235B2448A823001F1C86 /* wi-fs.c */ = {isa = PBXFileReference; lastKnownFileType = sourcecode.c.c; path = "wi-fs.c"; sourceTree = "<group>"; };
		4C96235C2448A823001F1C86 /* wi-file.c */ = {isa = PBXFileReference; lastKnownFileType = sourcecode.c.c; path = "wi-file.c"; sourceTree = "<group>"; };
		4C96235D2448A823001F1C86 /* wi-fts.h */ = {isa = PBXFileReference; lastKnownFileType = sourcecode.c.h; path = "wi-fts.h"; sourceTree = "<group>"; };
		4C96235E2448A823001F1C86 /* wi-fsevents.h */ = {isa = PBXFileReference; lastKnownFileType = sourcecode.c.h; path = "wi-fsevents.h"; sourceTree = "<group>"; };
		4C96235F2448A823001F1C86 /* wi-fsenumerator.c */ = {isa = PBXFileReference; lastKnownFileType = sourcecode.c.c; path = "wi-fsenumerator.c"; sourceTree = "<group>"; };
		4C9623602448A823001F1C86 /* wi-fs.h */ = {isa = PBXFileReference; lastKnownFileType = sourcecode.c.h; path = "wi-fs.h"; sourceTree = "<group>"; };
		4C9623622448A823001F1C86 /* wi-p7-socket.h */ = {isa = PBXFileReference; lastKnownFileType = sourcecode.c.h; path = "wi-p7-socket.h"; sourceTree = "<group>"; };
		4C9623632448A823001F1C86 /* wi-p7-private.c */ = {isa = PBXFileReference; lastKnownFileType = sourcecode.c.c; path = "wi-p7-private.c"; sourceTree = "<group>"; };
		4C9623642448A823001F1C86 /* wi-p7-message.c */ = {isa = PBXFileReference; lastKnownFileType = sourcecode.c.c; path = "wi-p7-message.c"; sourceTree = "<group>"; };
		4C9623652448A823001F1C86 /* wi-p7-spec.c */ = {isa = PBXFileReference; lastKnownFileType = sourcecode.c.c; path = "wi-p7-spec.c"; sourceTree = "<group>"; };
		4C9623662448A823001F1C86 /* wi-p7-socket.c */ = {isa = PBXFileReference; lastKnownFileType = sourcecode.c.c; path = "wi-p7-socket.c"; sourceTree = "<group>"; };
		4C9623672448A823001F1C86 /* wi-p7-message.h */ = {isa = PBXFileReference; lastKnownFileType = sourcecode.c.h; path = "wi-p7-message.h"; sourceTree = "<group>"; };
		4C9623682448A823001F1C86 /* wi-p7-private.h */ = {isa = PBXFileReference; lastKnownFileType = sourcecode.c.h; path = "wi-p7-private.h"; sourceTree = "<group>"; };
		4C9623692448A823001F1C86 /* wi-p7-spec.h */ = {isa = PBXFileReference; lastKnownFileType = sourcecode.c.h; path = "wi-p7-spec.h"; sourceTree = "<group>"; };
		4C96236B2448A823001F1C86 /* wi-system.h */ = {isa = PBXFileReference; lastKnownFileType = sourcecode.c.h; path = "wi-system.h"; sourceTree = "<group>"; };
		4C96236C2448A823001F1C86 /* wi-log.h */ = {isa = PBXFileReference; lastKnownFileType = sourcecode.c.h; path = "wi-log.h"; sourceTree = "<group>"; };
		4C96236D2448A823001F1C86 /* wi-process.h */ = {isa = PBXFileReference; lastKnownFileType = sourcecode.c.h; path = "wi-process.h"; sourceTree = "<group>"; };
		4C96236E2448A823001F1C86 /* wi-terminal.c */ = {isa = PBXFileReference; lastKnownFileType = sourcecode.c.c; path = "wi-terminal.c"; sourceTree = "<group>"; };
		4C96236F2448A823001F1C86 /* wi-compat.h */ = {isa = PBXFileReference; lastKnownFileType = sourcecode.c.h; path = "wi-compat.h"; sourceTree = "<group>"; };
		4C9623702448A823001F1C86 /* wi-task.h */ = {isa = PBXFileReference; lastKnownFileType = sourcecode.c.h; path = "wi-task.h"; sourceTree = "<group>"; };
		4C9623712448A823001F1C86 /* wi-terminal.h */ = {isa = PBXFileReference; lastKnownFileType = sourcecode.c.h; path = "wi-terminal.h"; sourceTree = "<group>"; };
		4C9623722448A823001F1C86 /* wi-log.c */ = {isa = PBXFileReference; lastKnownFileType = sourcecode.c.c; path = "wi-log.c"; sourceTree = "<group>"; };
		4C9623732448A823001F1C86 /* wi-process.c */ = {isa = PBXFileReference; lastKnownFileType = sourcecode.c.c; path = "wi-process.c"; sourceTree = "<group>"; };
		4C9623742448A823001F1C86 /* wi-system.c */ = {isa = PBXFileReference; lastKnownFileType = sourcecode.c.c; path = "wi-system.c"; sourceTree = "<group>"; };
		4C9623752448A823001F1C86 /* wi-compat.c */ = {isa = PBXFileReference; lastKnownFileType = sourcecode.c.c; path = "wi-compat.c"; sourceTree = "<group>"; };
		4C9623762448A823001F1C86 /* wi-task.c */ = {isa = PBXFileReference; lastKnownFileType = sourcecode.c.c; path = "wi-task.c"; sourceTree = "<group>"; };
		4C9623782448A823001F1C86 /* wi-dictionary.h */ = {isa = PBXFileReference; lastKnownFileType = sourcecode.c.h; path = "wi-dictionary.h"; sourceTree = "<group>"; };
		4C9623792448A823001F1C86 /* wi-enumerator.c */ = {isa = PBXFileReference; lastKnownFileType = sourcecode.c.c; path = "wi-enumerator.c"; sourceTree = "<group>"; };
		4C96237A2448A823001F1C86 /* wi-set.h */ = {isa = PBXFileReference; lastKnownFileType = sourcecode.c.h; path = "wi-set.h"; sourceTree = "<group>"; };
		4C96237B2448A823001F1C86 /* wi-array.c */ = {isa = PBXFileReference; lastKnownFileType = sourcecode.c.c; path = "wi-array.c"; sourceTree = "<group>"; };
		4C96237C2448A823001F1C86 /* wi-enumerator.h */ = {isa = PBXFileReference; lastKnownFileType = sourcecode.c.h; path = "wi-enumerator.h"; sourceTree = "<group>"; };
		4C96237D2448A823001F1C86 /* wi-dictionary.c */ = {isa = PBXFileReference; lastKnownFileType = sourcecode.c.c; path = "wi-dictionary.c"; sourceTree = "<group>"; };
		4C96237E2448A823001F1C86 /* wi-set.c */ = {isa = PBXFileReference; lastKnownFileType = sourcecode.c.c; path = "wi-set.c"; sourceTree = "<group>"; };
		4C96237F2448A823001F1C86 /* wi-array.h */ = {isa = PBXFileReference; lastKnownFileType = sourcecode.c.h; path = "wi-array.h"; sourceTree = "<group>"; };
		4C9623812448A823001F1C86 /* wi-string.h */ = {isa = PBXFileReference; lastKnownFileType = sourcecode.c.h; path = "wi-string.h"; sourceTree = "<group>"; };
		4C9623822448A823001F1C86 /* wi-null.h */ = {isa = PBXFileReference; lastKnownFileType = sourcecode.c.h; path = "wi-null.h"; sourceTree = "<group>"; };
		4C9623832448A823001F1C86 /* wi-number.h */ = {isa = PBXFileReference; lastKnownFileType = sourcecode.c.h; path = "wi-number.h"; sourceTree = "<group>"; };
		4C9623842448A823001F1C86 /* wi-plist.c */ = {isa = PBXFileReference; lastKnownFileType = sourcecode.c.c; path = "wi-plist.c"; sourceTree = "<group>"; };
		4C9623852448A823001F1C86 /* wi-url.h */ = {isa = PBXFileReference; lastKnownFileType = sourcecode.c.h; path = "wi-url.h"; sourceTree = "<group>"; };
		4C9623862448A823001F1C86 /* wi-data.h */ = {isa = PBXFileReference; lastKnownFileType = sourcecode.c.h; path = "wi-data.h"; sourceTree = "<group>"; };
		4C9623872448A823001F1C86 /* wi-date.h */ = {isa = PBXFileReference; lastKnownFileType = sourcecode.c.h; path = "wi-date.h"; sourceTree = "<group>"; };
		4C9623882448A823001F1C86 /* wi-uuid.h */ = {isa = PBXFileReference; lastKnownFileType = sourcecode.c.h; path = "wi-uuid.h"; sourceTree = "<group>"; };
		4C9623892448A823001F1C86 /* wi-string.c */ = {isa = PBXFileReference; lastKnownFileType = sourcecode.c.c; path = "wi-string.c"; sourceTree = "<group>"; };
		4C96238A2448A823001F1C86 /* wi-date.c */ = {isa = PBXFileReference; lastKnownFileType = sourcecode.c.c; path = "wi-date.c"; sourceTree = "<group>"; };
		4C96238B2448A823001F1C86 /* wi-url.c */ = {isa = PBXFileReference; lastKnownFileType = sourcecode.c.c; path = "wi-url.c"; sourceTree = "<group>"; };
		4C96238C2448A823001F1C86 /* wi-data.c */ = {isa = PBXFileReference; lastKnownFileType = sourcecode.c.c; path = "wi-data.c"; sourceTree = "<group>"; };
		4C96238D2448A823001F1C86 /* wi-number.c */ = {isa = PBXFileReference; lastKnownFileType = sourcecode.c.c; path = "wi-number.c"; sourceTree = "<group>"; };
		4C96238E2448A823001F1C86 /* wi-null.c */ = {isa = PBXFileReference; lastKnownFileType = sourcecode.c.c; path = "wi-null.c"; sourceTree = "<group>"; };
		4C96238F2448A823001F1C86 /* wi-plist.h */ = {isa = PBXFileReference; lastKnownFileType = sourcecode.c.h; path = "wi-plist.h"; sourceTree = "<group>"; };
		4C9623902448A823001F1C86 /* wi-uuid.c */ = {isa = PBXFileReference; lastKnownFileType = sourcecode.c.c; path = "wi-uuid.c"; sourceTree = "<group>"; };
		4C9623922448A823001F1C86 /* wi-lock.h */ = {isa = PBXFileReference; lastKnownFileType = sourcecode.c.h; path = "wi-lock.h"; sourceTree = "<group>"; };
		4C9623932448A823001F1C86 /* wi-timer.c */ = {isa = PBXFileReference; lastKnownFileType = sourcecode.c.c; path = "wi-timer.c"; sourceTree = "<group>"; };
		4C9623942448A823001F1C86 /* wi-thread.h */ = {isa = PBXFileReference; lastKnownFileType = sourcecode.c.h; path = "wi-thread.h"; sourceTree = "<group>"; };
		4C9623952448A823001F1C86 /* wi-lock.c */ = {isa = PBXFileReference; lastKnownFileType = sourcecode.c.c; path = "wi-lock.c"; sourceTree = "<group>"; };
		4C9623962448A823001F1C86 /* wi-timer.h */ = {isa = PBXFileReference; lastKnownFileType = sourcecode.c.h; path = "wi-timer.h"; sourceTree = "<group>"; };
		4C9623972448A823001F1C86 /* wi-thread.c */ = {isa = PBXFileReference; lastKnownFileType = sourcecode.c.c; path = "wi-thread.c"; sourceTree = "<group>"; };
		4C9623992448A823001F1C86 /* wi-libxml2.c */ = {isa = PBXFileReference; lastKnownFileType = sourcecode.c.c; path = "wi-libxml2.c"; sourceTree = "<group>"; };
		4C96239A2448A823001F1C86 /* wi-sqlite3.h */ = {isa = PBXFileReference; lastKnownFileType = sourcecode.c.h; path = "wi-sqlite3.h"; sourceTree = "<group>"; };
		4C96239B2448A823001F1C86 /* wi-libxml2.h */ = {isa = PBXFileReference; lastKnownFileType = sourcecode.c.h; path = "wi-libxml2.h"; sourceTree = "<group>"; };
		4C96239C2448A823001F1C86 /* wi-sqlite3.c */ = {isa = PBXFileReference; lastKnownFileType = sourcecode.c.c; path = "wi-sqlite3.c"; sourceTree = "<group>"; };
		4C96239E2448A823001F1C86 /* wi-assert.h */ = {isa = PBXFileReference; lastKnownFileType = sourcecode.c.h; path = "wi-assert.h"; sourceTree = "<group>"; };
		4C96239F2448A823001F1C86 /* wi-base.c */ = {isa = PBXFileReference; lastKnownFileType = sourcecode.c.c; path = "wi-base.c"; sourceTree = "<group>"; };
		4C9623A02448A823001F1C86 /* wi-runtime.h */ = {isa = PBXFileReference; lastKnownFileType = sourcecode.c.h; path = "wi-runtime.h"; sourceTree = "<group>"; };
		4C9623A12448A823001F1C86 /* wi-version.c */ = {isa = PBXFileReference; lastKnownFileType = sourcecode.c.c; path = "wi-version.c"; sourceTree = "<group>"; };
		4C9623A22448A823001F1C86 /* wi-macros.h */ = {isa = PBXFileReference; lastKnownFileType = sourcecode.c.h; path = "wi-macros.h"; sourceTree = "<group>"; };
		4C9623A32448A823001F1C86 /* wi-byteorder.h */ = {isa = PBXFileReference; lastKnownFileType = sourcecode.c.h; path = "wi-byteorder.h"; sourceTree = "<group>"; };
		4C9623A42448A823001F1C86 /* wi-runtime.c */ = {isa = PBXFileReference; lastKnownFileType = sourcecode.c.c; path = "wi-runtime.c"; sourceTree = "<group>"; };
		4C9623A52448A823001F1C86 /* wi-base.h */ = {isa = PBXFileReference; lastKnownFileType = sourcecode.c.h; path = "wi-base.h"; sourceTree = "<group>"; };
		4C9623A62448A823001F1C86 /* wi-assert.c */ = {isa = PBXFileReference; lastKnownFileType = sourcecode.c.c; path = "wi-assert.c"; sourceTree = "<group>"; };
		4C9623A72448A823001F1C86 /* wi-version.h */ = {isa = PBXFileReference; lastKnownFileType = sourcecode.c.h; path = "wi-version.h"; sourceTree = "<group>"; };
		4C9623A82448A823001F1C86 /* wi-byteorder.c */ = {isa = PBXFileReference; lastKnownFileType = sourcecode.c.c; path = "wi-byteorder.c"; sourceTree = "<group>"; };
		4C9623A92448A823001F1C86 /* wi-private.h */ = {isa = PBXFileReference; lastKnownFileType = sourcecode.c.h; path = "wi-private.h"; sourceTree = "<group>"; };
		4CA5986015A2449F000C4DAD /* accounts.c */ = {isa = PBXFileReference; lastKnownFileType = sourcecode.c.c; name = accounts.c; path = ../../wired/wired/accounts.c; sourceTree = "<group>"; };
		4CA5986115A2449F000C4DAD /* accounts.h */ = {isa = PBXFileReference; lastKnownFileType = sourcecode.c.h; name = accounts.h; path = ../../wired/wired/accounts.h; sourceTree = "<group>"; };
		4CA5986215A2449F000C4DAD /* banlist.c */ = {isa = PBXFileReference; lastKnownFileType = sourcecode.c.c; name = banlist.c; path = ../../wired/wired/banlist.c; sourceTree = "<group>"; };
		4CA5986315A2449F000C4DAD /* banlist.h */ = {isa = PBXFileReference; lastKnownFileType = sourcecode.c.h; name = banlist.h; path = ../../wired/wired/banlist.h; sourceTree = "<group>"; };
		4CA5986415A2449F000C4DAD /* boards.c */ = {isa = PBXFileReference; lastKnownFileType = sourcecode.c.c; name = boards.c; path = ../../wired/wired/boards.c; sourceTree = "<group>"; };
		4CA5986515A2449F000C4DAD /* boards.h */ = {isa = PBXFileReference; lastKnownFileType = sourcecode.c.h; name = boards.h; path = ../../wired/wired/boards.h; sourceTree = "<group>"; };
		4CA5986615A2449F000C4DAD /* chats.c */ = {isa = PBXFileReference; lastKnownFileType = sourcecode.c.c; name = chats.c; path = ../../wired/wired/chats.c; sourceTree = "<group>"; };
		4CA5986715A2449F000C4DAD /* chats.h */ = {isa = PBXFileReference; lastKnownFileType = sourcecode.c.h; name = chats.h; path = ../../wired/wired/chats.h; sourceTree = "<group>"; };
		4CA5986815A2449F000C4DAD /* events.c */ = {isa = PBXFileReference; lastKnownFileType = sourcecode.c.c; name = events.c; path = ../../wired/wired/events.c; sourceTree = "<group>"; };
		4CA5986915A2449F000C4DAD /* events.h */ = {isa = PBXFileReference; lastKnownFileType = sourcecode.c.h; name = events.h; path = ../../wired/wired/events.h; sourceTree = "<group>"; };
		4CA5986A15A2449F000C4DAD /* files.c */ = {isa = PBXFileReference; lastKnownFileType = sourcecode.c.c; name = files.c; path = ../../wired/wired/files.c; sourceTree = "<group>"; };
		4CA5986B15A2449F000C4DAD /* files.h */ = {isa = PBXFileReference; lastKnownFileType = sourcecode.c.h; name = files.h; path = ../../wired/wired/files.h; sourceTree = "<group>"; };
		4CA5986C15A2449F000C4DAD /* index.c */ = {isa = PBXFileReference; lastKnownFileType = sourcecode.c.c; name = index.c; path = ../../wired/wired/index.c; sourceTree = "<group>"; };
		4CA5986D15A2449F000C4DAD /* index.h */ = {isa = PBXFileReference; lastKnownFileType = sourcecode.c.h; name = index.h; path = ../../wired/wired/index.h; sourceTree = "<group>"; };
		4CA5986E15A2449F000C4DAD /* main.c */ = {isa = PBXFileReference; lastKnownFileType = sourcecode.c.c; name = main.c; path = ../../wired/wired/main.c; sourceTree = "<group>"; };
		4CA5986F15A2449F000C4DAD /* main.h */ = {isa = PBXFileReference; lastKnownFileType = sourcecode.c.h; name = main.h; path = ../../wired/wired/main.h; sourceTree = "<group>"; };
		4CA5987015A2449F000C4DAD /* messages.c */ = {isa = PBXFileReference; lastKnownFileType = sourcecode.c.c; name = messages.c; path = ../../wired/wired/messages.c; sourceTree = "<group>"; };
		4CA5987115A2449F000C4DAD /* messages.h */ = {isa = PBXFileReference; lastKnownFileType = sourcecode.c.h; name = messages.h; path = ../../wired/wired/messages.h; sourceTree = "<group>"; };
		4CA5987215A2449F000C4DAD /* portmap.c */ = {isa = PBXFileReference; lastKnownFileType = sourcecode.c.c; name = portmap.c; path = ../../wired/wired/portmap.c; sourceTree = "<group>"; };
		4CA5987315A2449F000C4DAD /* portmap.h */ = {isa = PBXFileReference; lastKnownFileType = sourcecode.c.h; name = portmap.h; path = ../../wired/wired/portmap.h; sourceTree = "<group>"; };
		4CA5987415A2449F000C4DAD /* server.c */ = {isa = PBXFileReference; lastKnownFileType = sourcecode.c.c; name = server.c; path = ../../wired/wired/server.c; sourceTree = "<group>"; };
		4CA5987515A2449F000C4DAD /* server.h */ = {isa = PBXFileReference; lastKnownFileType = sourcecode.c.h; name = server.h; path = ../../wired/wired/server.h; sourceTree = "<group>"; };
		4CA5987615A2449F000C4DAD /* servers.c */ = {isa = PBXFileReference; lastKnownFileType = sourcecode.c.c; name = servers.c; path = ../../wired/wired/servers.c; sourceTree = "<group>"; };
		4CA5987715A2449F000C4DAD /* servers.h */ = {isa = PBXFileReference; lastKnownFileType = sourcecode.c.h; name = servers.h; path = ../../wired/wired/servers.h; sourceTree = "<group>"; };
		4CA5987815A2449F000C4DAD /* settings.c */ = {isa = PBXFileReference; lastKnownFileType = sourcecode.c.c; name = settings.c; path = ../../wired/wired/settings.c; sourceTree = "<group>"; };
		4CA5987915A2449F000C4DAD /* settings.h */ = {isa = PBXFileReference; lastKnownFileType = sourcecode.c.h; name = settings.h; path = ../../wired/wired/settings.h; sourceTree = "<group>"; };
		4CA5987A15A2449F000C4DAD /* trackers.c */ = {isa = PBXFileReference; lastKnownFileType = sourcecode.c.c; name = trackers.c; path = ../../wired/wired/trackers.c; sourceTree = "<group>"; };
		4CA5987B15A2449F000C4DAD /* trackers.h */ = {isa = PBXFileReference; lastKnownFileType = sourcecode.c.h; name = trackers.h; path = ../../wired/wired/trackers.h; sourceTree = "<group>"; };
		4CA5987C15A2449F000C4DAD /* transfers.c */ = {isa = PBXFileReference; lastKnownFileType = sourcecode.c.c; name = transfers.c; path = ../../wired/wired/transfers.c; sourceTree = "<group>"; };
		4CA5987D15A2449F000C4DAD /* transfers.h */ = {isa = PBXFileReference; lastKnownFileType = sourcecode.c.h; name = transfers.h; path = ../../wired/wired/transfers.h; sourceTree = "<group>"; };
		4CA5987E15A2449F000C4DAD /* users.c */ = {isa = PBXFileReference; lastKnownFileType = sourcecode.c.c; name = users.c; path = ../../wired/wired/users.c; sourceTree = "<group>"; };
		4CA5987F15A2449F000C4DAD /* users.h */ = {isa = PBXFileReference; lastKnownFileType = sourcecode.c.h; name = users.h; path = ../../wired/wired/users.h; sourceTree = "<group>"; };
		4CA5988015A2449F000C4DAD /* wired.conf.in */ = {isa = PBXFileReference; lastKnownFileType = text; name = wired.conf.in; path = ../../wired/wired/wired.conf.in; sourceTree = "<group>"; };
		4CA5988115A2449F000C4DAD /* wiredctl.in */ = {isa = PBXFileReference; lastKnownFileType = text.script.sh; name = wiredctl.in; path = ../../wired/wired/wiredctl.in; sourceTree = "<group>"; };
		4CD34ED81571ACED0054E305 /* Files.png */ = {isa = PBXFileReference; lastKnownFileType = image.png; path = Files.png; sourceTree = "<group>"; };
		4CE5D55124475A48000333FB /* dsa_pub.pem */ = {isa = PBXFileReference; lastKnownFileType = text; path = dsa_pub.pem; sourceTree = SOURCE_ROOT; };
		4CE5D55524475B07000333FB /* Sparkle.framework */ = {isa = PBXFileReference; lastKnownFileType = wrapper.framework; name = Sparkle.framework; path = Pods/Sparkle/Sparkle.framework; sourceTree = "<group>"; };
		4CE5D55F244762BC000333FB /* Wired Server.entitlements */ = {isa = PBXFileReference; lastKnownFileType = text.plist.entitlements; path = "Wired Server.entitlements"; sourceTree = "<group>"; };
		4CE5D560244762E9000333FB /* Wired Server Helper.entitlements */ = {isa = PBXFileReference; lastKnownFileType = text.plist.entitlements; path = "Wired Server Helper.entitlements"; sourceTree = "<group>"; };
		67FE8C95AEF31B6CAE0816AF /* Pods-Wired Server.release.xcconfig */ = {isa = PBXFileReference; includeInIndex = 1; lastKnownFileType = text.xcconfig; name = "Pods-Wired Server.release.xcconfig"; path = "Pods/Target Support Files/Pods-Wired Server/Pods-Wired Server.release.xcconfig"; sourceTree = "<group>"; };
		B133499021B1BA55004AF77F /* libwired */ = {isa = PBXFileReference; lastKnownFileType = folder; name = libwired; path = wired/libwired; sourceTree = "<group>"; };
		B133499421B1BA8F004AF77F /* Base */ = {isa = PBXFileReference; lastKnownFileType = file.xib; name = Base; path = Base.lproj/MainMenu.xib; sourceTree = "<group>"; };
		B133499521B1BA8F004AF77F /* Base */ = {isa = PBXFileReference; lastKnownFileType = file.xib; name = Base; path = Base.lproj/Settings.xib; sourceTree = "<group>"; };
		B133499621B1BA8F004AF77F /* Base */ = {isa = PBXFileReference; lastKnownFileType = file.xib; name = Base; path = Base.lproj/MainMenu.xib; sourceTree = "<group>"; };
		B133499821B1BD8D004AF77F /* WebKit.framework */ = {isa = PBXFileReference; lastKnownFileType = wrapper.framework; name = WebKit.framework; path = Platforms/MacOSX.platform/Developer/SDKs/MacOSX.sdk/System/Library/Frameworks/WebKit.framework; sourceTree = DEVELOPER_DIR; };
		B133499C21B1BD9E004AF77F /* Quartz.framework */ = {isa = PBXFileReference; lastKnownFileType = wrapper.framework; name = Quartz.framework; path = Platforms/MacOSX.platform/Developer/SDKs/MacOSX.sdk/System/Library/Frameworks/Quartz.framework; sourceTree = DEVELOPER_DIR; };
		B133499E21B1BE6B004AF77F /* libsqlite3.dylib */ = {isa = PBXFileReference; lastKnownFileType = "compiled.mach-o.dylib"; name = libsqlite3.dylib; path = ../../../../usr/lib/libsqlite3.dylib; sourceTree = "<group>"; };
/* End PBXFileReference section */

/* Begin PBXFrameworksBuildPhase section */
		4C233C861521022800245506 /* Frameworks */ = {
			isa = PBXFrameworksBuildPhase;
			buildActionMask = 2147483647;
			files = (
				4C789019170B3E3C004CE617 /* wired.a in Frameworks */,
				4C78901A170B3E3C004CE617 /* WiredAppKit.framework in Frameworks */,
				4C78901B170B3E3C004CE617 /* WiredFoundation.framework in Frameworks */,
				4C233C8B1521022800245506 /* Cocoa.framework in Frameworks */,
			);
			runOnlyForDeploymentPostprocessing = 0;
		};
		4C8D3351151E2D8D001A6BF7 /* Frameworks */ = {
			isa = PBXFrameworksBuildPhase;
			buildActionMask = 2147483647;
			files = (
				4C789013170B39CE004CE617 /* WiredFoundation.framework in Frameworks */,
				4C789014170B39CE004CE617 /* WiredAppKit.framework in Frameworks */,
				4C789007170B35DE004CE617 /* wired.a in Frameworks */,
				B133499B21B1BD8D004AF77F /* WebKit.framework in Frameworks */,
				B133499F21B1BE6B004AF77F /* libsqlite3.dylib in Frameworks */,
				4C8D3359151E2D8D001A6BF7 /* Cocoa.framework in Frameworks */,
				B133499D21B1BD9F004AF77F /* Quartz.framework in Frameworks */,
			);
			runOnlyForDeploymentPostprocessing = 0;
		};
/* End PBXFrameworksBuildPhase section */

/* Begin PBXGroup section */
		4C233C8C1521022800245506 /* Wired Server Helper */ = {
			isa = PBXGroup;
			children = (
				4CE5D560244762E9000333FB /* Wired Server Helper.entitlements */,
				4C233C981521022800245506 /* WHAppDelegate.h */,
				4C233C991521022800245506 /* WHAppDelegate.m */,
				4C233CA31521063A00245506 /* WHStatusController.h */,
				4C233CA41521063A00245506 /* WHStatusController.m */,
				4C233C9B1521022900245506 /* MainMenu.xib */,
				4C233C8D1521022800245506 /* Supporting Files */,
			);
			path = "Wired Server Helper";
			sourceTree = "<group>";
		};
		4C233C8D1521022800245506 /* Supporting Files */ = {
			isa = PBXGroup;
			children = (
				4C233CA1152103FE00245506 /* WiredServerMenu.png */,
				4C233CBD152124B600245506 /* WiredServerMenuOff.png */,
				4C233C8E1521022800245506 /* Wired Server Helper-Info.plist */,
				4C233C8F1521022800245506 /* InfoPlist.strings */,
				4C233C921521022800245506 /* main.m */,
				4C233C941521022800245506 /* Wired Server Helper-Prefix.pch */,
				4C233C951521022800245506 /* Credits.rtf */,
			);
			name = "Supporting Files";
			sourceTree = "<group>";
		};
		4C788FE0170B35BE004CE617 /* Products */ = {
			isa = PBXGroup;
			children = (
				4C788FF2170B35BF004CE617 /* wired.a */,
				4C788FFA170B35BF004CE617 /* WiredFoundation.framework */,
				4C788FFC170B35BF004CE617 /* WiredNetworking.framework */,
				4C788FFE170B35BF004CE617 /* WiredAppKit.framework */,
				4C789000170B35BF004CE617 /* ChatHistory-default.WiredHistory */,
			);
			name = Products;
			sourceTree = "<group>";
		};
		4C8D3349151E2D8C001A6BF7 = {
			isa = PBXGroup;
			children = (
				B133499021B1BA55004AF77F /* libwired */,
				4C8D335E151E2D8D001A6BF7 /* Wired Server */,
				4C233C8C1521022800245506 /* Wired Server Helper */,
				4CA5985F15A24460000C4DAD /* wired */,
				4C8D3375151E2D93001A6BF7 /* Subprojects */,
				4C8D3357151E2D8D001A6BF7 /* Frameworks */,
				4C8D3355151E2D8D001A6BF7 /* Products */,
				56B4423D6D696EDD220CF31D /* Pods */,
			);
			sourceTree = "<group>";
		};
		4C8D3355151E2D8D001A6BF7 /* Products */ = {
			isa = PBXGroup;
			children = (
				4C8D3354151E2D8D001A6BF7 /* Wired Server.app */,
				4C233C891521022800245506 /* Wired Server Helper.app */,
			);
			name = Products;
			sourceTree = "<group>";
		};
		4C8D3357151E2D8D001A6BF7 /* Frameworks */ = {
			isa = PBXGroup;
			children = (
				4CE5D55524475B07000333FB /* Sparkle.framework */,
				B133499E21B1BE6B004AF77F /* libsqlite3.dylib */,
				B133499C21B1BD9E004AF77F /* Quartz.framework */,
				B133499821B1BD8D004AF77F /* WebKit.framework */,
				4C8D3358151E2D8D001A6BF7 /* Cocoa.framework */,
				4C8D335A151E2D8D001A6BF7 /* Other Frameworks */,
			);
			name = Frameworks;
			sourceTree = "<group>";
		};
		4C8D335A151E2D8D001A6BF7 /* Other Frameworks */ = {
			isa = PBXGroup;
			children = (
				4C8D335B151E2D8D001A6BF7 /* AppKit.framework */,
				4C8D335C151E2D8D001A6BF7 /* CoreData.framework */,
				4C8D335D151E2D8D001A6BF7 /* Foundation.framework */,
			);
			name = "Other Frameworks";
			sourceTree = "<group>";
		};
		4C8D335E151E2D8D001A6BF7 /* Wired Server */ = {
			isa = PBXGroup;
			children = (
				4CE5D55F244762BC000333FB /* Wired Server.entitlements */,
				4C8D33F1151E99FB001A6BF7 /* Classes */,
				4C8D33F2151E9A02001A6BF7 /* Nibs */,
				4C8D3422151E9B47001A6BF7 /* Resources */,
				4C8D335F151E2D8D001A6BF7 /* Supporting Files */,
			);
			path = "Wired Server";
			sourceTree = "<group>";
		};
		4C8D335F151E2D8D001A6BF7 /* Supporting Files */ = {
			isa = PBXGroup;
			children = (
				4C5EDCC6154366740031D44E /* man */,
				4C8D33F0151E99E6001A6BF7 /* Pictures */,
				4C8D3421151E9B32001A6BF7 /* Scripts */,
				4C8D341F151E9B1B001A6BF7 /* Wired */,
				4C8D3361151E2D8D001A6BF7 /* InfoPlist.strings */,
				4C8D3360151E2D8D001A6BF7 /* WiredServer-Info.plist */,
				4C8D3367151E2D8D001A6BF7 /* Credits.rtf */,
				4C233CFC15228BB800245506 /* wiredserverrnote.html */,
				4C016F9A1778F6E200D6D2B3 /* Localizable.strings */,
				4CE5D55124475A48000333FB /* dsa_pub.pem */,
			);
			name = "Supporting Files";
			sourceTree = "<group>";
		};
		4C8D3375151E2D93001A6BF7 /* Subprojects */ = {
			isa = PBXGroup;
			children = (
				4C788FDF170B35BE004CE617 /* WiredFrameworks.xcodeproj */,
			);
			name = Subprojects;
			sourceTree = "<group>";
		};
		4C8D33F0151E99E6001A6BF7 /* Pictures */ = {
			isa = PBXGroup;
			children = (
				4CD34ED81571ACED0054E305 /* Files.png */,
				4C4A2966151F894F0084E041 /* GrayDrop.tiff */,
				4C4A2967151F894F0084E041 /* GreenDrop.tiff */,
				4C4A2968151F894F0084E041 /* RedDrop.tiff */,
				4C4A2958151F880C0084E041 /* Console.icns */,
				4C8D34DF151F84E3001A6BF7 /* Updates.tiff */,
				4C8D33DB151E96E4001A6BF7 /* WiredServer.icns */,
			);
			name = Pictures;
			sourceTree = "<group>";
		};
		4C8D33F1151E99FB001A6BF7 /* Classes */ = {
			isa = PBXGroup;
			children = (
				4C8D336A151E2D8D001A6BF7 /* WSAppDelegate.h */,
				4C8D336B151E2D8D001A6BF7 /* WSAppDelegate.m */,
				4C8D34B5151F81C2001A6BF7 /* WSSettingsController.h */,
				4C8D34B6151F81C3001A6BF7 /* WSSettingsController.m */,
				4C8D3471151F58D7001A6BF7 /* WPAccountManager.h */,
				4C8D3472151F58D7001A6BF7 /* WPAccountManager.m */,
				4C8D3473151F58D7001A6BF7 /* WPConfigManager.h */,
				4C8D3474151F58D7001A6BF7 /* WPConfigManager.m */,
				4C8D3475151F58D7001A6BF7 /* WPDatabaseManager.h */,
				4C8D3476151F58D7001A6BF7 /* WPDatabaseManager.m */,
				4C8D3479151F58D7001A6BF7 /* WPExportManager.h */,
				4C8D347A151F58D7001A6BF7 /* WPExportManager.m */,
				4C8D347B151F58D7001A6BF7 /* WPLogManager.h */,
				4C8D347C151F58D7001A6BF7 /* WPLogManager.m */,
				4C8D347D151F58D7001A6BF7 /* WPPortChecker.h */,
				4C8D347E151F58D7001A6BF7 /* WPPortChecker.m */,
				4C8D347F151F58D7001A6BF7 /* WPSettings.h */,
				4C8D3480151F58D7001A6BF7 /* WPSettings.m */,
				4C8D3481151F58D7001A6BF7 /* WPWiredManager.h */,
				4C8D3482151F58D7001A6BF7 /* WPWiredManager.m */,
				4C8D3477151F58D7001A6BF7 /* WPError.h */,
				4C8D3478151F58D7001A6BF7 /* WPError.m */,
			);
			name = Classes;
			sourceTree = "<group>";
		};
		4C8D33F2151E9A02001A6BF7 /* Nibs */ = {
			isa = PBXGroup;
			children = (
				4C8D336D151E2D8D001A6BF7 /* MainMenu.xib */,
				4CB57B151779007D006ECB87 /* Settings.xib */,
			);
			name = Nibs;
			sourceTree = "<group>";
		};
		4C8D3421151E9B32001A6BF7 /* Scripts */ = {
			isa = PBXGroup;
			children = (
				4C8CB801159A6D37008C7EB9 /* wired.sh */,
				4C8D3417151E9B0B001A6BF7 /* install.sh */,
				4C8D3419151E9B0B001A6BF7 /* uninstall.sh */,
				4C8D341A151E9B0B001A6BF7 /* update.sh */,
			);
			name = Scripts;
			sourceTree = "<group>";
		};
		4C8D3422151E9B47001A6BF7 /* Resources */ = {
			isa = PBXGroup;
			children = (
				4C8D3364151E2D8D001A6BF7 /* main.m */,
				4C8D3366151E2D8D001A6BF7 /* Wired Server-Prefix.pch */,
			);
			name = Resources;
			sourceTree = "<group>";
		};
		4C96232F2448A823001F1C86 /* libwired */ = {
			isa = PBXGroup;
			children = (
				4C9623302448A823001F1C86 /* misc */,
				4C96233F2448A823001F1C86 /* crypto */,
				4C9623482448A823001F1C86 /* net */,
				4C9623552448A823001F1C86 /* wired.h */,
				4C9623562448A823001F1C86 /* file */,
				4C9623612448A823001F1C86 /* p7 */,
				4C96236A2448A823001F1C86 /* system */,
				4C9623772448A823001F1C86 /* collections */,
				4C9623802448A823001F1C86 /* data */,
				4C9623912448A823001F1C86 /* thread */,
				4C9623982448A823001F1C86 /* thirdparty */,
				4C96239D2448A823001F1C86 /* base */,
			);
			name = libwired;
			path = wired/libwired/libwired;
			sourceTree = SOURCE_ROOT;
		};
		4C9623302448A823001F1C86 /* misc */ = {
			isa = PBXGroup;
			children = (
				4C9623312448A823001F1C86 /* wi-regexp.h */,
				4C9623322448A823001F1C86 /* wi-random.h */,
				4C9623332448A823001F1C86 /* wi-test.h */,
				4C9623342448A823001F1C86 /* wi-settings.h */,
				4C9623352448A823001F1C86 /* wi-config.c */,
				4C9623362448A823001F1C86 /* wi-pool.h */,
				4C9623372448A823001F1C86 /* wi-error.h */,
				4C9623382448A823001F1C86 /* wi-random.c */,
				4C9623392448A823001F1C86 /* wi-regexp.c */,
				4C96233A2448A823001F1C86 /* wi-settings.c */,
				4C96233B2448A823001F1C86 /* wi-test.c */,
				4C96233C2448A823001F1C86 /* wi-error.c */,
				4C96233D2448A823001F1C86 /* wi-pool.c */,
				4C96233E2448A823001F1C86 /* wi-config.h */,
			);
			path = misc;
			sourceTree = "<group>";
		};
		4C96233F2448A823001F1C86 /* crypto */ = {
			isa = PBXGroup;
			children = (
				4C9623402448A823001F1C86 /* wi-cipher.c */,
				4C9623412448A823001F1C86 /* wi-digest.c */,
				4C9623422448A823001F1C86 /* wi-x509.h */,
				4C9623432448A823001F1C86 /* wi-rsa.h */,
				4C9623442448A823001F1C86 /* wi-cipher.h */,
				4C9623452448A823001F1C86 /* wi-digest.h */,
				4C9623462448A823001F1C86 /* wi-x509.c */,
				4C9623472448A823001F1C86 /* wi-rsa.c */,
			);
			path = crypto;
			sourceTree = "<group>";
		};
		4C9623482448A823001F1C86 /* net */ = {
			isa = PBXGroup;
			children = (
				4C9623492448A823001F1C86 /* wi-socket.h */,
				4C96234A2448A823001F1C86 /* wi-ip.c */,
				4C96234B2448A823001F1C86 /* wi-speed-calculator.h */,
				4C96234C2448A823001F1C86 /* wi-address.c */,
				4C96234D2448A823001F1C86 /* wi-host.h */,
				4C96234E2448A823001F1C86 /* wi-wired.h */,
				4C96234F2448A823001F1C86 /* wi-socket.c */,
				4C9623502448A823001F1C86 /* wi-address.h */,
				4C9623512448A823001F1C86 /* wi-host.c */,
				4C9623522448A823001F1C86 /* wi-ip.h */,
				4C9623532448A823001F1C86 /* wi-speed-calculator.c */,
				4C9623542448A823001F1C86 /* wi-wired.c */,
			);
			path = net;
			sourceTree = "<group>";
		};
		4C9623562448A823001F1C86 /* file */ = {
			isa = PBXGroup;
			children = (
				4C9623572448A823001F1C86 /* wi-fts.c */,
				4C9623582448A823001F1C86 /* wi-file.h */,
				4C9623592448A823001F1C86 /* wi-fsevents.c */,
				4C96235A2448A823001F1C86 /* wi-fsenumerator.h */,
				4C96235B2448A823001F1C86 /* wi-fs.c */,
				4C96235C2448A823001F1C86 /* wi-file.c */,
				4C96235D2448A823001F1C86 /* wi-fts.h */,
				4C96235E2448A823001F1C86 /* wi-fsevents.h */,
				4C96235F2448A823001F1C86 /* wi-fsenumerator.c */,
				4C9623602448A823001F1C86 /* wi-fs.h */,
			);
			path = file;
			sourceTree = "<group>";
		};
		4C9623612448A823001F1C86 /* p7 */ = {
			isa = PBXGroup;
			children = (
				4C9623622448A823001F1C86 /* wi-p7-socket.h */,
				4C9623632448A823001F1C86 /* wi-p7-private.c */,
				4C9623642448A823001F1C86 /* wi-p7-message.c */,
				4C9623652448A823001F1C86 /* wi-p7-spec.c */,
				4C9623662448A823001F1C86 /* wi-p7-socket.c */,
				4C9623672448A823001F1C86 /* wi-p7-message.h */,
				4C9623682448A823001F1C86 /* wi-p7-private.h */,
				4C9623692448A823001F1C86 /* wi-p7-spec.h */,
			);
			path = p7;
			sourceTree = "<group>";
		};
		4C96236A2448A823001F1C86 /* system */ = {
			isa = PBXGroup;
			children = (
				4C96236B2448A823001F1C86 /* wi-system.h */,
				4C96236C2448A823001F1C86 /* wi-log.h */,
				4C96236D2448A823001F1C86 /* wi-process.h */,
				4C96236E2448A823001F1C86 /* wi-terminal.c */,
				4C96236F2448A823001F1C86 /* wi-compat.h */,
				4C9623702448A823001F1C86 /* wi-task.h */,
				4C9623712448A823001F1C86 /* wi-terminal.h */,
				4C9623722448A823001F1C86 /* wi-log.c */,
				4C9623732448A823001F1C86 /* wi-process.c */,
				4C9623742448A823001F1C86 /* wi-system.c */,
				4C9623752448A823001F1C86 /* wi-compat.c */,
				4C9623762448A823001F1C86 /* wi-task.c */,
			);
			path = system;
			sourceTree = "<group>";
		};
		4C9623772448A823001F1C86 /* collections */ = {
			isa = PBXGroup;
			children = (
				4C9623782448A823001F1C86 /* wi-dictionary.h */,
				4C9623792448A823001F1C86 /* wi-enumerator.c */,
				4C96237A2448A823001F1C86 /* wi-set.h */,
				4C96237B2448A823001F1C86 /* wi-array.c */,
				4C96237C2448A823001F1C86 /* wi-enumerator.h */,
				4C96237D2448A823001F1C86 /* wi-dictionary.c */,
				4C96237E2448A823001F1C86 /* wi-set.c */,
				4C96237F2448A823001F1C86 /* wi-array.h */,
			);
			path = collections;
			sourceTree = "<group>";
		};
		4C9623802448A823001F1C86 /* data */ = {
			isa = PBXGroup;
			children = (
				4C9623812448A823001F1C86 /* wi-string.h */,
				4C9623822448A823001F1C86 /* wi-null.h */,
				4C9623832448A823001F1C86 /* wi-number.h */,
				4C9623842448A823001F1C86 /* wi-plist.c */,
				4C9623852448A823001F1C86 /* wi-url.h */,
				4C9623862448A823001F1C86 /* wi-data.h */,
				4C9623872448A823001F1C86 /* wi-date.h */,
				4C9623882448A823001F1C86 /* wi-uuid.h */,
				4C9623892448A823001F1C86 /* wi-string.c */,
				4C96238A2448A823001F1C86 /* wi-date.c */,
				4C96238B2448A823001F1C86 /* wi-url.c */,
				4C96238C2448A823001F1C86 /* wi-data.c */,
				4C96238D2448A823001F1C86 /* wi-number.c */,
				4C96238E2448A823001F1C86 /* wi-null.c */,
				4C96238F2448A823001F1C86 /* wi-plist.h */,
				4C9623902448A823001F1C86 /* wi-uuid.c */,
			);
			path = data;
			sourceTree = "<group>";
		};
		4C9623912448A823001F1C86 /* thread */ = {
			isa = PBXGroup;
			children = (
				4C9623922448A823001F1C86 /* wi-lock.h */,
				4C9623932448A823001F1C86 /* wi-timer.c */,
				4C9623942448A823001F1C86 /* wi-thread.h */,
				4C9623952448A823001F1C86 /* wi-lock.c */,
				4C9623962448A823001F1C86 /* wi-timer.h */,
				4C9623972448A823001F1C86 /* wi-thread.c */,
			);
			path = thread;
			sourceTree = "<group>";
		};
		4C9623982448A823001F1C86 /* thirdparty */ = {
			isa = PBXGroup;
			children = (
				4C9623992448A823001F1C86 /* wi-libxml2.c */,
				4C96239A2448A823001F1C86 /* wi-sqlite3.h */,
				4C96239B2448A823001F1C86 /* wi-libxml2.h */,
				4C96239C2448A823001F1C86 /* wi-sqlite3.c */,
			);
			path = thirdparty;
			sourceTree = "<group>";
		};
		4C96239D2448A823001F1C86 /* base */ = {
			isa = PBXGroup;
			children = (
				4C96239E2448A823001F1C86 /* wi-assert.h */,
				4C96239F2448A823001F1C86 /* wi-base.c */,
				4C9623A02448A823001F1C86 /* wi-runtime.h */,
				4C9623A12448A823001F1C86 /* wi-version.c */,
				4C9623A22448A823001F1C86 /* wi-macros.h */,
				4C9623A32448A823001F1C86 /* wi-byteorder.h */,
				4C9623A42448A823001F1C86 /* wi-runtime.c */,
				4C9623A52448A823001F1C86 /* wi-base.h */,
				4C9623A62448A823001F1C86 /* wi-assert.c */,
				4C9623A72448A823001F1C86 /* wi-version.h */,
				4C9623A82448A823001F1C86 /* wi-byteorder.c */,
				4C9623A92448A823001F1C86 /* wi-private.h */,
			);
			path = base;
			sourceTree = "<group>";
		};
		4CA5985F15A24460000C4DAD /* wired */ = {
			isa = PBXGroup;
			children = (
				4C96232F2448A823001F1C86 /* libwired */,
				4CA5986015A2449F000C4DAD /* accounts.c */,
				4CA5986115A2449F000C4DAD /* accounts.h */,
				4CA5986215A2449F000C4DAD /* banlist.c */,
				4CA5986315A2449F000C4DAD /* banlist.h */,
				4CA5986415A2449F000C4DAD /* boards.c */,
				4CA5986515A2449F000C4DAD /* boards.h */,
				4CA5986615A2449F000C4DAD /* chats.c */,
				4CA5986715A2449F000C4DAD /* chats.h */,
				4CA5986815A2449F000C4DAD /* events.c */,
				4CA5986915A2449F000C4DAD /* events.h */,
				4CA5986A15A2449F000C4DAD /* files.c */,
				4CA5986B15A2449F000C4DAD /* files.h */,
				4CA5986C15A2449F000C4DAD /* index.c */,
				4CA5986D15A2449F000C4DAD /* index.h */,
				4CA5986E15A2449F000C4DAD /* main.c */,
				4CA5986F15A2449F000C4DAD /* main.h */,
				4CA5987015A2449F000C4DAD /* messages.c */,
				4CA5987115A2449F000C4DAD /* messages.h */,
				4CA5987215A2449F000C4DAD /* portmap.c */,
				4CA5987315A2449F000C4DAD /* portmap.h */,
				4CA5987415A2449F000C4DAD /* server.c */,
				4CA5987515A2449F000C4DAD /* server.h */,
				4CA5987615A2449F000C4DAD /* servers.c */,
				4CA5987715A2449F000C4DAD /* servers.h */,
				4CA5987815A2449F000C4DAD /* settings.c */,
				4CA5987915A2449F000C4DAD /* settings.h */,
				4CA5987A15A2449F000C4DAD /* trackers.c */,
				4CA5987B15A2449F000C4DAD /* trackers.h */,
				4CA5987C15A2449F000C4DAD /* transfers.c */,
				4CA5987D15A2449F000C4DAD /* transfers.h */,
				4CA5987E15A2449F000C4DAD /* users.c */,
				4CA5987F15A2449F000C4DAD /* users.h */,
				4CA5988015A2449F000C4DAD /* wired.conf.in */,
				4CA5988115A2449F000C4DAD /* wiredctl.in */,
			);
			name = wired;
			path = wired/wired;
			sourceTree = "<group>";
		};
		56B4423D6D696EDD220CF31D /* Pods */ = {
			isa = PBXGroup;
			children = (
				1CF33703957EEC429684DE77 /* Pods-Wired Server.debug.xcconfig */,
				67FE8C95AEF31B6CAE0816AF /* Pods-Wired Server.release.xcconfig */,
			);
			name = Pods;
			sourceTree = "<group>";
		};
/* End PBXGroup section */

/* Begin PBXNativeTarget section */
		4C233C881521022800245506 /* Wired Server Helper */ = {
			isa = PBXNativeTarget;
			buildConfigurationList = 4C233C9E1521022900245506 /* Build configuration list for PBXNativeTarget "Wired Server Helper" */;
			buildPhases = (
				4C233C851521022800245506 /* Sources */,
				4C233C861521022800245506 /* Frameworks */,
				4C233C871521022800245506 /* Resources */,
				4C233CAC152111CF00245506 /* Copy Frameworks */,
			);
			buildRules = (
			);
			dependencies = (
				4CE5D5642447718E000333FB /* PBXTargetDependency */,
				4C78901D170B3E3F004CE617 /* PBXTargetDependency */,
				4C789016170B3E35004CE617 /* PBXTargetDependency */,
				4C789018170B3E35004CE617 /* PBXTargetDependency */,
			);
			name = "Wired Server Helper";
			productName = "Wired Server Helper";
			productReference = 4C233C891521022800245506 /* Wired Server Helper.app */;
			productType = "com.apple.product-type.application";
		};
		4C8D3353151E2D8D001A6BF7 /* Wired Server */ = {
			isa = PBXNativeTarget;
			buildConfigurationList = 4C8D3372151E2D8D001A6BF7 /* Build configuration list for PBXNativeTarget "Wired Server" */;
			buildPhases = (
				07AE0AE287EC52D28CD192F6 /* [CP] Check Pods Manifest.lock */,
				4C8D3350151E2D8D001A6BF7 /* Sources */,
				4C8D3351151E2D8D001A6BF7 /* Frameworks */,
				4C8D3352151E2D8D001A6BF7 /* Resources */,
				4C8D33E8151E98AC001A6BF7 /* Copy Frameworks */,
				30BB0EA8173C06128ADA22A4 /* [CP] Embed Pods Frameworks */,
				4CE5D55E24476295000333FB /* ShellScript */,
			);
			buildRules = (
			);
			dependencies = (
				4C16298524479888007FA399 /* PBXTargetDependency */,
				4C8865D821A1BE56002A7F8A /* PBXTargetDependency */,
				4C789002170B35D6004CE617 /* PBXTargetDependency */,
				4C789004170B35D6004CE617 /* PBXTargetDependency */,
				4C233CBB15211F9C00245506 /* PBXTargetDependency */,
			);
			name = "Wired Server";
			productName = "Wired Server";
			productReference = 4C8D3354151E2D8D001A6BF7 /* Wired Server.app */;
			productType = "com.apple.product-type.application";
		};
/* End PBXNativeTarget section */

/* Begin PBXProject section */
		4C8D334B151E2D8C001A6BF7 /* Project object */ = {
			isa = PBXProject;
			attributes = {
				LastUpgradeCheck = 1010;
				ORGANIZATIONNAME = OPALE;
				TargetAttributes = {
					4C233C881521022800245506 = {
						DevelopmentTeam = 7KTXA5Y36K;
						ProvisioningStyle = Manual;
					};
					4C8D3353151E2D8D001A6BF7 = {
						DevelopmentTeam = 7KTXA5Y36K;
						ProvisioningStyle = Manual;
					};
				};
			};
			buildConfigurationList = 4C8D334E151E2D8C001A6BF7 /* Build configuration list for PBXProject "WiredServer" */;
			compatibilityVersion = "Xcode 3.2";
			developmentRegion = en;
			hasScannedForEncodings = 0;
			knownRegions = (
				en,
				fr,
				Base,
			);
			mainGroup = 4C8D3349151E2D8C001A6BF7;
			productRefGroup = 4C8D3355151E2D8D001A6BF7 /* Products */;
			projectDirPath = "";
			projectReferences = (
				{
					ProductGroup = 4C788FE0170B35BE004CE617 /* Products */;
					ProjectRef = 4C788FDF170B35BE004CE617 /* WiredFrameworks.xcodeproj */;
				},
			);
			projectRoot = "";
			targets = (
				4C8D3353151E2D8D001A6BF7 /* Wired Server */,
				4C233C881521022800245506 /* Wired Server Helper */,
				4CCEEFA8154C991D004AE045 /* Distribute */,
				4C8A853E21B05BB2001154BC /* wired */,
			);
		};
/* End PBXProject section */

/* Begin PBXReferenceProxy section */
		4C788FF2170B35BF004CE617 /* wired.a */ = {
			isa = PBXReferenceProxy;
			fileType = archive.ar;
			path = wired.a;
			remoteRef = 4C788FF1170B35BF004CE617 /* PBXContainerItemProxy */;
			sourceTree = BUILT_PRODUCTS_DIR;
		};
		4C788FFA170B35BF004CE617 /* WiredFoundation.framework */ = {
			isa = PBXReferenceProxy;
			fileType = wrapper.framework;
			path = WiredFoundation.framework;
			remoteRef = 4C788FF9170B35BF004CE617 /* PBXContainerItemProxy */;
			sourceTree = BUILT_PRODUCTS_DIR;
		};
		4C788FFC170B35BF004CE617 /* WiredNetworking.framework */ = {
			isa = PBXReferenceProxy;
			fileType = wrapper.framework;
			path = WiredNetworking.framework;
			remoteRef = 4C788FFB170B35BF004CE617 /* PBXContainerItemProxy */;
			sourceTree = BUILT_PRODUCTS_DIR;
		};
		4C788FFE170B35BF004CE617 /* WiredAppKit.framework */ = {
			isa = PBXReferenceProxy;
			fileType = wrapper.framework;
			path = WiredAppKit.framework;
			remoteRef = 4C788FFD170B35BF004CE617 /* PBXContainerItemProxy */;
			sourceTree = BUILT_PRODUCTS_DIR;
		};
		4C789000170B35BF004CE617 /* ChatHistory-default.WiredHistory */ = {
			isa = PBXReferenceProxy;
			fileType = wrapper.cfbundle;
			path = "ChatHistory-default.WiredHistory";
			remoteRef = 4C788FFF170B35BF004CE617 /* PBXContainerItemProxy */;
			sourceTree = BUILT_PRODUCTS_DIR;
		};
/* End PBXReferenceProxy section */

/* Begin PBXResourcesBuildPhase section */
		4C233C871521022800245506 /* Resources */ = {
			isa = PBXResourcesBuildPhase;
			buildActionMask = 2147483647;
			files = (
				4C233C911521022800245506 /* InfoPlist.strings in Resources */,
				4C233C971521022800245506 /* Credits.rtf in Resources */,
				4C233C9D1521022900245506 /* MainMenu.xib in Resources */,
				4C233CA2152103FE00245506 /* WiredServerMenu.png in Resources */,
				4C233CBF1521251300245506 /* WiredServerMenuOff.png in Resources */,
				4C233CC21521329E00245506 /* WiredServer.icns in Resources */,
			);
			runOnlyForDeploymentPostprocessing = 0;
		};
		4C8D3352151E2D8D001A6BF7 /* Resources */ = {
			isa = PBXResourcesBuildPhase;
			buildActionMask = 2147483647;
			files = (
				4C8D3363151E2D8D001A6BF7 /* InfoPlist.strings in Resources */,
				4C8D3369151E2D8D001A6BF7 /* Credits.rtf in Resources */,
				4C8D336F151E2D8D001A6BF7 /* MainMenu.xib in Resources */,
				4C8D33DC151E96E4001A6BF7 /* WiredServer.icns in Resources */,
				4C8D341B151E9B0B001A6BF7 /* install.sh in Resources */,
				4C8D341D151E9B0B001A6BF7 /* uninstall.sh in Resources */,
				4C8D341E151E9B0B001A6BF7 /* update.sh in Resources */,
				4CE5D55224475A48000333FB /* dsa_pub.pem in Resources */,
				4C8D3420151E9B1B001A6BF7 /* Wired in Resources */,
				4C8D34E0151F84E3001A6BF7 /* Updates.tiff in Resources */,
				4C4A2959151F880C0084E041 /* Console.icns in Resources */,
				4C4A2969151F894F0084E041 /* GrayDrop.tiff in Resources */,
				4C4A296A151F894F0084E041 /* GreenDrop.tiff in Resources */,
				4C4A296B151F894F0084E041 /* RedDrop.tiff in Resources */,
				4C233CBC15211FA700245506 /* Wired Server Helper.app in Resources */,
				4C233CFD15228BB800245506 /* wiredserverrnote.html in Resources */,
				4C5EDCC7154366750031D44E /* man in Resources */,
				B133499321B1BA55004AF77F /* libwired in Resources */,
				4CD34ED91571ACED0054E305 /* Files.png in Resources */,
				4C016F981778F6E200D6D2B3 /* Localizable.strings in Resources */,
				4CB57B171779007D006ECB87 /* Settings.xib in Resources */,
			);
			runOnlyForDeploymentPostprocessing = 0;
		};
/* End PBXResourcesBuildPhase section */

/* Begin PBXShellScriptBuildPhase section */
		07AE0AE287EC52D28CD192F6 /* [CP] Check Pods Manifest.lock */ = {
			isa = PBXShellScriptBuildPhase;
			buildActionMask = 2147483647;
			files = (
			);
			inputPaths = (
				"${PODS_PODFILE_DIR_PATH}/Podfile.lock",
				"${PODS_ROOT}/Manifest.lock",
			);
			name = "[CP] Check Pods Manifest.lock";
			outputPaths = (
				"$(DERIVED_FILE_DIR)/Pods-Wired Server-checkManifestLockResult.txt",
			);
			runOnlyForDeploymentPostprocessing = 0;
			shellPath = /bin/sh;
			shellScript = "diff \"${PODS_PODFILE_DIR_PATH}/Podfile.lock\" \"${PODS_ROOT}/Manifest.lock\" > /dev/null\nif [ $? != 0 ] ; then\n    # print error to STDERR\n    echo \"error: The sandbox is not in sync with the Podfile.lock. Run 'pod install' or update your CocoaPods installation.\" >&2\n    exit 1\nfi\n# This output is used by Xcode 'outputs' to avoid re-running this script phase.\necho \"SUCCESS\" > \"${SCRIPT_OUTPUT_FILE_0}\"\n";
			showEnvVarsInLog = 0;
		};
		30BB0EA8173C06128ADA22A4 /* [CP] Embed Pods Frameworks */ = {
			isa = PBXShellScriptBuildPhase;
			buildActionMask = 2147483647;
			files = (
			);
			inputPaths = (
				"${SRCROOT}/Pods/Target Support Files/Pods-Wired Server/Pods-Wired Server-frameworks.sh",
				"${PODS_ROOT}/Sparkle/Sparkle.framework",
				"${PODS_ROOT}/Sparkle/Sparkle.framework.dSYM",
			);
			name = "[CP] Embed Pods Frameworks";
			outputPaths = (
				"${TARGET_BUILD_DIR}/${FRAMEWORKS_FOLDER_PATH}/Sparkle.framework",
				"${DWARF_DSYM_FOLDER_PATH}/Sparkle.framework.dSYM",
			);
			runOnlyForDeploymentPostprocessing = 0;
			shellPath = /bin/sh;
			shellScript = "\"${SRCROOT}/Pods/Target Support Files/Pods-Wired Server/Pods-Wired Server-frameworks.sh\"\n";
			showEnvVarsInLog = 0;
		};
		4C8A853F21B05BB2001154BC /* ShellScript */ = {
			isa = PBXShellScriptBuildPhase;
			buildActionMask = 2147483647;
			files = (
			);
			inputPaths = (
			);
			outputPaths = (
			);
			runOnlyForDeploymentPostprocessing = 0;
			shellPath = /bin/sh;
			shellScript = "# wired user & group\nWIRED_USER=$(id -un)\nWIRED_GROUP=$(id -gn)\n\ncd wired\nmake clean\n\nenv CPPFLAGS=\"-I$SRCROOT/Pods/OpenSSL-Universal/include-macos\" LDFLAGS=\"-L$SRCROOT/Pods/OpenSSL-Universal/lib-macos\" \\\n./configure --enable-all --with-fake-prefix=\"/Library\" --with-wireddir=\"Wired\" --with-user=\"$WIRED_USER\" --with-group=\"$WIRED_GROUP\"\nmake\n\nmkdir -p \"$BUILT_PRODUCTS_DIR/Wired\"\ncp -r run/ \"$BUILT_PRODUCTS_DIR/Wired\"\n\n";
		};
		4CCEEFB8154C994D004AE045 /* ShellScript */ = {
			isa = PBXShellScriptBuildPhase;
			buildActionMask = 2147483647;
			files = (
			);
			inputPaths = (
			);
			outputPaths = (
			);
			runOnlyForDeploymentPostprocessing = 0;
			shellPath = /bin/bash;
			shellScript = "sh \"$SRCROOT/../wired_server_distribute.sh\" || exit 1\n";
		};
		4CE5D55E24476295000333FB /* ShellScript */ = {
			isa = PBXShellScriptBuildPhase;
			buildActionMask = 2147483647;
			files = (
			);
			inputFileListPaths = (
			);
			inputPaths = (
			);
			outputFileListPaths = (
			);
			outputPaths = (
			);
			runOnlyForDeploymentPostprocessing = 0;
			shellPath = /bin/sh;
			shellScript = "# Type a script or drag a script file from your workspace to insert its path.\n# Type a script or drag a script file from your workspace to insert its path.\ncodesign --force --sign \"Developer ID Application: Rafael Warnault (7KTXA5Y36K)\" \"$BUILT_PRODUCTS_DIR/$PRODUCT_NAME.app\"\n";
		};
/* End PBXShellScriptBuildPhase section */

/* Begin PBXSourcesBuildPhase section */
		4C233C851521022800245506 /* Sources */ = {
			isa = PBXSourcesBuildPhase;
			buildActionMask = 2147483647;
			files = (
				4C233C931521022800245506 /* main.m in Sources */,
				4C233C9A1521022800245506 /* WHAppDelegate.m in Sources */,
				4C233CA51521063A00245506 /* WHStatusController.m in Sources */,
				4C233CB0152112C700245506 /* WPWiredManager.m in Sources */,
				4C233CB1152112D700245506 /* WPSettings.m in Sources */,
				4C233CB2152112E500245506 /* WPError.m in Sources */,
			);
			runOnlyForDeploymentPostprocessing = 0;
		};
		4C8D3350151E2D8D001A6BF7 /* Sources */ = {
			isa = PBXSourcesBuildPhase;
			buildActionMask = 2147483647;
			files = (
				4C8D3365151E2D8D001A6BF7 /* main.m in Sources */,
				4C8D336C151E2D8D001A6BF7 /* WSAppDelegate.m in Sources */,
				4C8D3483151F58D7001A6BF7 /* WPAccountManager.m in Sources */,
				4C8D3484151F58D7001A6BF7 /* WPConfigManager.m in Sources */,
				4C8D3485151F58D7001A6BF7 /* WPDatabaseManager.m in Sources */,
				4C8D3486151F58D7001A6BF7 /* WPError.m in Sources */,
				4C8D3487151F58D7001A6BF7 /* WPExportManager.m in Sources */,
				4C8D3488151F58D7001A6BF7 /* WPLogManager.m in Sources */,
				4C8D3489151F58D7001A6BF7 /* WPPortChecker.m in Sources */,
				4C8D348A151F58D7001A6BF7 /* WPSettings.m in Sources */,
				4C8D348B151F58D7001A6BF7 /* WPWiredManager.m in Sources */,
				4C8D34B7151F81C3001A6BF7 /* WSSettingsController.m in Sources */,
			);
			runOnlyForDeploymentPostprocessing = 0;
		};
/* End PBXSourcesBuildPhase section */

/* Begin PBXTargetDependency section */
		4C16298524479888007FA399 /* PBXTargetDependency */ = {
			isa = PBXTargetDependency;
			target = 4C8A853E21B05BB2001154BC /* wired */;
			targetProxy = 4C16298424479888007FA399 /* PBXContainerItemProxy */;
		};
		4C233CBB15211F9C00245506 /* PBXTargetDependency */ = {
			isa = PBXTargetDependency;
			target = 4C233C881521022800245506 /* Wired Server Helper */;
			targetProxy = 4C233CBA15211F9C00245506 /* PBXContainerItemProxy */;
		};
		4C789002170B35D6004CE617 /* PBXTargetDependency */ = {
			isa = PBXTargetDependency;
			name = WiredFoundation;
			targetProxy = 4C789001170B35D6004CE617 /* PBXContainerItemProxy */;
		};
		4C789004170B35D6004CE617 /* PBXTargetDependency */ = {
			isa = PBXTargetDependency;
			name = WiredAppKit;
			targetProxy = 4C789003170B35D6004CE617 /* PBXContainerItemProxy */;
		};
		4C789016170B3E35004CE617 /* PBXTargetDependency */ = {
			isa = PBXTargetDependency;
			name = WiredFoundation;
			targetProxy = 4C789015170B3E35004CE617 /* PBXContainerItemProxy */;
		};
		4C789018170B3E35004CE617 /* PBXTargetDependency */ = {
			isa = PBXTargetDependency;
			name = WiredAppKit;
			targetProxy = 4C789017170B3E35004CE617 /* PBXContainerItemProxy */;
		};
		4C78901D170B3E3F004CE617 /* PBXTargetDependency */ = {
			isa = PBXTargetDependency;
			name = "libwired-osx";
			targetProxy = 4C78901C170B3E3F004CE617 /* PBXContainerItemProxy */;
		};
		4C8865D821A1BE56002A7F8A /* PBXTargetDependency */ = {
			isa = PBXTargetDependency;
			name = "libwired-osx";
			targetProxy = 4C8865D721A1BE56002A7F8A /* PBXContainerItemProxy */;
		};
		4CDD88AF15F76CA500283005 /* PBXTargetDependency */ = {
			isa = PBXTargetDependency;
			target = 4C8D3353151E2D8D001A6BF7 /* Wired Server */;
			targetProxy = 4CDD88AE15F76CA500283005 /* PBXContainerItemProxy */;
		};
		4CE5D5642447718E000333FB /* PBXTargetDependency */ = {
			isa = PBXTargetDependency;
			target = 4C8A853E21B05BB2001154BC /* wired */;
			targetProxy = 4CE5D5632447718E000333FB /* PBXContainerItemProxy */;
		};
/* End PBXTargetDependency section */

/* Begin PBXVariantGroup section */
		4C016F9A1778F6E200D6D2B3 /* Localizable.strings */ = {
			isa = PBXVariantGroup;
			children = (
				4C016F991778F6E200D6D2B3 /* en */,
				4C016F9B1778F6E700D6D2B3 /* fr */,
			);
			name = Localizable.strings;
			sourceTree = "<group>";
		};
		4C233C8F1521022800245506 /* InfoPlist.strings */ = {
			isa = PBXVariantGroup;
			children = (
				4C233C901521022800245506 /* en */,
			);
			name = InfoPlist.strings;
			sourceTree = "<group>";
		};
		4C233C951521022800245506 /* Credits.rtf */ = {
			isa = PBXVariantGroup;
			children = (
				4C233C961521022800245506 /* en */,
			);
			name = Credits.rtf;
			sourceTree = "<group>";
		};
		4C233C9B1521022900245506 /* MainMenu.xib */ = {
			isa = PBXVariantGroup;
			children = (
				B133499621B1BA8F004AF77F /* Base */,
			);
			name = MainMenu.xib;
			sourceTree = "<group>";
		};
		4C8D3361151E2D8D001A6BF7 /* InfoPlist.strings */ = {
			isa = PBXVariantGroup;
			children = (
				4C8D3362151E2D8D001A6BF7 /* en */,
				4C016F7E1778E97D00D6D2B3 /* fr */,
			);
			name = InfoPlist.strings;
			sourceTree = "<group>";
		};
		4C8D3367151E2D8D001A6BF7 /* Credits.rtf */ = {
			isa = PBXVariantGroup;
			children = (
				4C8D3368151E2D8D001A6BF7 /* en */,
				4C016F7F1778E97D00D6D2B3 /* fr */,
			);
			name = Credits.rtf;
			sourceTree = "<group>";
		};
		4C8D336D151E2D8D001A6BF7 /* MainMenu.xib */ = {
			isa = PBXVariantGroup;
			children = (
				4C016F7D1778E97C00D6D2B3 /* fr */,
				B133499421B1BA8F004AF77F /* Base */,
			);
			name = MainMenu.xib;
			sourceTree = "<group>";
		};
		4CB57B151779007D006ECB87 /* Settings.xib */ = {
			isa = PBXVariantGroup;
			children = (
				4C4FDE69177900CA00FADB95 /* fr */,
				B133499521B1BA8F004AF77F /* Base */,
			);
			name = Settings.xib;
			sourceTree = "<group>";
		};
/* End PBXVariantGroup section */

/* Begin XCBuildConfiguration section */
		4C233C9F1521022900245506 /* Debug */ = {
			isa = XCBuildConfiguration;
			buildSettings = {
				CLANG_ENABLE_OBJC_WEAK = YES;
				CODE_SIGN_ENTITLEMENTS = "Wired Server Helper/Wired Server Helper.entitlements";
				CODE_SIGN_IDENTITY = "Developer ID Application";
				CODE_SIGN_STYLE = Manual;
				CURRENT_PROJECT_VERSION = 17;
				DEVELOPMENT_TEAM = 7KTXA5Y36K;
				ENABLE_HARDENED_RUNTIME = YES;
				GCC_PRECOMPILE_PREFIX_HEADER = YES;
				GCC_PREFIX_HEADER = "Wired Server Helper/Wired Server Helper-Prefix.pch";
				GCC_VERSION = "";
				INFOPLIST_FILE = "Wired Server Helper/Wired Server Helper-Info.plist";
				LD_RUNPATH_SEARCH_PATHS = "$(inherited) @loader_path/../Frameworks";
				MACOSX_DEPLOYMENT_TARGET = 10.10;
				PRODUCT_BUNDLE_IDENTIFIER = "fr.read-write.${PRODUCT_NAME:rfc1034identifier}";
				PRODUCT_NAME = "$(TARGET_NAME)";
				PROVISIONING_PROFILE_SPECIFIER = "";
				SDKROOT = macosx;
				WRAPPER_EXTENSION = app;
			};
			name = Debug;
		};
		4C233CA01521022900245506 /* Release */ = {
			isa = XCBuildConfiguration;
			buildSettings = {
				CLANG_ENABLE_OBJC_WEAK = YES;
				CODE_SIGN_ENTITLEMENTS = "Wired Server Helper/Wired Server Helper.entitlements";
				CODE_SIGN_IDENTITY = "Developer ID Application";
				CODE_SIGN_STYLE = Manual;
				CURRENT_PROJECT_VERSION = 17;
				DEVELOPMENT_TEAM = 7KTXA5Y36K;
				ENABLE_HARDENED_RUNTIME = YES;
				GCC_PRECOMPILE_PREFIX_HEADER = YES;
				GCC_PREFIX_HEADER = "Wired Server Helper/Wired Server Helper-Prefix.pch";
				GCC_VERSION = "";
				INFOPLIST_FILE = "Wired Server Helper/Wired Server Helper-Info.plist";
				LD_RUNPATH_SEARCH_PATHS = "$(inherited) @loader_path/../Frameworks";
				MACOSX_DEPLOYMENT_TARGET = 10.10;
				PRODUCT_BUNDLE_IDENTIFIER = "fr.read-write.${PRODUCT_NAME:rfc1034identifier}";
				PRODUCT_NAME = "$(TARGET_NAME)";
				PROVISIONING_PROFILE_SPECIFIER = "";
				SDKROOT = macosx;
				WRAPPER_EXTENSION = app;
			};
			name = Release;
		};
		4C8A854121B05BB2001154BC /* Debug */ = {
			isa = XCBuildConfiguration;
			buildSettings = {
				ALWAYS_SEARCH_USER_PATHS = YES;
				CLANG_ENABLE_OBJC_WEAK = YES;
				CODE_SIGN_IDENTITY = "-";
				GCC_VERSION = "";
				HEADER_SEARCH_PATHS = (
					"$(inherited)",
					"\"$(SRCROOT)/Pods/OpenSSL-Universal/include-macos\"",
					"\"$(SRCROOT)/Pods/Headers/Public/libxml2\"",
				);
				LIBRARY_SEARCH_PATHS = (
					"$(inherited)",
					"\"$(SRCROOT)/Pods/OpenSSL-Universal/lib-macos\"",
				);
				MACOSX_DEPLOYMENT_TARGET = 10.10;
				ONLY_ACTIVE_ARCH = NO;
				OTHER_LDFLAGS = (
					"-lsqlite3",
					"-lz",
				);
				PRODUCT_NAME = "$(TARGET_NAME)";
				SDKROOT = macosx;
				VALID_ARCHS = x86_64;
			};
			name = Debug;
		};
		4C8A854221B05BB2001154BC /* Release */ = {
			isa = XCBuildConfiguration;
			buildSettings = {
				ALWAYS_SEARCH_USER_PATHS = YES;
				CLANG_ENABLE_OBJC_WEAK = YES;
				CODE_SIGN_IDENTITY = "-";
				GCC_VERSION = "";
				HEADER_SEARCH_PATHS = (
					"$(inherited)",
					"\"$(SRCROOT)/Pods/OpenSSL-Universal/include-macos\"",
					"\"$(SRCROOT)/Pods/Headers/Public/libxml2\"",
				);
				LIBRARY_SEARCH_PATHS = (
					"$(inherited)",
					"\"$(SRCROOT)/Pods/OpenSSL-Universal/lib-macos\"",
				);
				MACOSX_DEPLOYMENT_TARGET = 10.10;
				ONLY_ACTIVE_ARCH = NO;
				OTHER_LDFLAGS = (
					"-lsqlite3",
					"-lz",
				);
				PRODUCT_NAME = "$(TARGET_NAME)";
				SDKROOT = macosx;
				VALID_ARCHS = x86_64;
			};
			name = Release;
		};
		4C8D3370151E2D8D001A6BF7 /* Debug */ = {
			isa = XCBuildConfiguration;
			buildSettings = {
				ALWAYS_SEARCH_USER_PATHS = NO;
				CLANG_ANALYZER_LOCALIZABILITY_NONLOCALIZED = YES;
				CLANG_ENABLE_OBJC_ARC = NO;
				CLANG_WARN_BLOCK_CAPTURE_AUTORELEASING = YES;
				CLANG_WARN_BOOL_CONVERSION = YES;
				CLANG_WARN_COMMA = YES;
				CLANG_WARN_CONSTANT_CONVERSION = YES;
				CLANG_WARN_DEPRECATED_OBJC_IMPLEMENTATIONS = YES;
				CLANG_WARN_EMPTY_BODY = YES;
				CLANG_WARN_ENUM_CONVERSION = YES;
				CLANG_WARN_INFINITE_RECURSION = YES;
				CLANG_WARN_INT_CONVERSION = YES;
				CLANG_WARN_NON_LITERAL_NULL_CONVERSION = YES;
				CLANG_WARN_OBJC_IMPLICIT_RETAIN_SELF = YES;
				CLANG_WARN_OBJC_LITERAL_CONVERSION = YES;
				CLANG_WARN_RANGE_LOOP_ANALYSIS = YES;
				CLANG_WARN_STRICT_PROTOTYPES = YES;
				CLANG_WARN_SUSPICIOUS_MOVE = YES;
				CLANG_WARN_UNREACHABLE_CODE = YES;
				CLANG_WARN__DUPLICATE_METHOD_MATCH = YES;
				CODE_SIGN_IDENTITY = "-";
				COPY_PHASE_STRIP = NO;
				ENABLE_STRICT_OBJC_MSGSEND = YES;
				ENABLE_TESTABILITY = YES;
				GCC_C_LANGUAGE_STANDARD = gnu99;
				GCC_DYNAMIC_NO_PIC = NO;
				GCC_ENABLE_OBJC_EXCEPTIONS = YES;
				GCC_NO_COMMON_BLOCKS = YES;
				GCC_OPTIMIZATION_LEVEL = 0;
				GCC_PREPROCESSOR_DEFINITIONS = (
					"DEBUG=1",
					"$(inherited)",
				);
				GCC_SYMBOLS_PRIVATE_EXTERN = NO;
				GCC_VERSION = "";
				GCC_WARN_64_TO_32_BIT_CONVERSION = YES;
				GCC_WARN_ABOUT_MISSING_PROTOTYPES = YES;
				GCC_WARN_ABOUT_RETURN_TYPE = YES;
				GCC_WARN_UNDECLARED_SELECTOR = YES;
				GCC_WARN_UNINITIALIZED_AUTOS = YES;
				GCC_WARN_UNUSED_FUNCTION = YES;
				GCC_WARN_UNUSED_VARIABLE = YES;
				MACOSX_DEPLOYMENT_TARGET = 10.10;
				ONLY_ACTIVE_ARCH = YES;
				SDKROOT = macosx;
			};
			name = Debug;
		};
		4C8D3371151E2D8D001A6BF7 /* Release */ = {
			isa = XCBuildConfiguration;
			buildSettings = {
				ALWAYS_SEARCH_USER_PATHS = NO;
				CLANG_ANALYZER_LOCALIZABILITY_NONLOCALIZED = YES;
				CLANG_ENABLE_OBJC_ARC = NO;
				CLANG_WARN_BLOCK_CAPTURE_AUTORELEASING = YES;
				CLANG_WARN_BOOL_CONVERSION = YES;
				CLANG_WARN_COMMA = YES;
				CLANG_WARN_CONSTANT_CONVERSION = YES;
				CLANG_WARN_DEPRECATED_OBJC_IMPLEMENTATIONS = YES;
				CLANG_WARN_EMPTY_BODY = YES;
				CLANG_WARN_ENUM_CONVERSION = YES;
				CLANG_WARN_INFINITE_RECURSION = YES;
				CLANG_WARN_INT_CONVERSION = YES;
				CLANG_WARN_NON_LITERAL_NULL_CONVERSION = YES;
				CLANG_WARN_OBJC_IMPLICIT_RETAIN_SELF = YES;
				CLANG_WARN_OBJC_LITERAL_CONVERSION = YES;
				CLANG_WARN_RANGE_LOOP_ANALYSIS = YES;
				CLANG_WARN_STRICT_PROTOTYPES = YES;
				CLANG_WARN_SUSPICIOUS_MOVE = YES;
				CLANG_WARN_UNREACHABLE_CODE = YES;
				CLANG_WARN__DUPLICATE_METHOD_MATCH = YES;
				CODE_SIGN_IDENTITY = "-";
				COPY_PHASE_STRIP = YES;
				DEBUG_INFORMATION_FORMAT = "dwarf-with-dsym";
				ENABLE_STRICT_OBJC_MSGSEND = YES;
				GCC_C_LANGUAGE_STANDARD = gnu99;
				GCC_ENABLE_OBJC_EXCEPTIONS = YES;
				GCC_NO_COMMON_BLOCKS = YES;
				GCC_VERSION = "";
				GCC_WARN_64_TO_32_BIT_CONVERSION = YES;
				GCC_WARN_ABOUT_MISSING_PROTOTYPES = YES;
				GCC_WARN_ABOUT_RETURN_TYPE = YES;
				GCC_WARN_UNDECLARED_SELECTOR = YES;
				GCC_WARN_UNINITIALIZED_AUTOS = YES;
				GCC_WARN_UNUSED_FUNCTION = YES;
				GCC_WARN_UNUSED_VARIABLE = YES;
				MACOSX_DEPLOYMENT_TARGET = 10.10;
				ONLY_ACTIVE_ARCH = NO;
				SDKROOT = macosx;
			};
			name = Release;
		};
		4C8D3373151E2D8D001A6BF7 /* Debug */ = {
			isa = XCBuildConfiguration;
			baseConfigurationReference = 1CF33703957EEC429684DE77 /* Pods-Wired Server.debug.xcconfig */;
			buildSettings = {
				ALWAYS_SEARCH_USER_PATHS = NO;
				CLANG_ENABLE_OBJC_WEAK = YES;
				CODE_SIGN_ENTITLEMENTS = "Wired Server/Wired Server.entitlements";
				CODE_SIGN_IDENTITY = "Developer ID Application";
				CODE_SIGN_STYLE = Manual;
				CURRENT_PROJECT_VERSION = 17;
				DEVELOPMENT_TEAM = 7KTXA5Y36K;
				ENABLE_HARDENED_RUNTIME = YES;
				FRAMEWORK_SEARCH_PATHS = (
					"$(inherited)",
					"$(SRCROOT)",
					"$(PROJECT_DIR)/Pods/Sparkle",
				);
				GCC_PRECOMPILE_PREFIX_HEADER = YES;
				GCC_PREFIX_HEADER = "Wired Server/Wired Server-Prefix.pch";
				GCC_VERSION = "";
				HEADER_SEARCH_PATHS = (
					"$(inherited)",
					"\"$(SRCROOT)\"",
					"\"$(BUILT_PRODUCTS_DIR)\"",
				);
				INFOPLIST_FILE = "Wired Server/WiredServer-Info.plist";
				LD_RUNPATH_SEARCH_PATHS = "$(inherited) @loader_path/../Frameworks @executable_path/../Frameworks";
				LIBRARY_SEARCH_PATHS = (
					"$(inherited)",
					/usr/lib,
				);
				MACOSX_DEPLOYMENT_TARGET = 10.10;
				MARKETING_VERSION = 2.5;
				PRODUCT_BUNDLE_IDENTIFIER = "fr.read-write.${PRODUCT_NAME:rfc1034identifier}";
				PRODUCT_NAME = "$(TARGET_NAME)";
				PROVISIONING_PROFILE_SPECIFIER = "";
				SDKROOT = macosx;
				VALID_ARCHS = x86_64;
				WRAPPER_EXTENSION = app;
			};
			name = Debug;
		};
		4C8D3374151E2D8D001A6BF7 /* Release */ = {
			isa = XCBuildConfiguration;
			baseConfigurationReference = 67FE8C95AEF31B6CAE0816AF /* Pods-Wired Server.release.xcconfig */;
			buildSettings = {
				ALWAYS_SEARCH_USER_PATHS = NO;
				CLANG_ENABLE_OBJC_WEAK = YES;
				CODE_SIGN_ENTITLEMENTS = "Wired Server/Wired Server.entitlements";
				CODE_SIGN_IDENTITY = "Developer ID Application";
				CODE_SIGN_STYLE = Manual;
				CURRENT_PROJECT_VERSION = 17;
				DEVELOPMENT_TEAM = 7KTXA5Y36K;
				ENABLE_HARDENED_RUNTIME = YES;
				FRAMEWORK_SEARCH_PATHS = (
					"$(inherited)",
					"$(SRCROOT)",
					"$(PROJECT_DIR)/Pods/Sparkle",
				);
				GCC_PRECOMPILE_PREFIX_HEADER = YES;
				GCC_PREFIX_HEADER = "Wired Server/Wired Server-Prefix.pch";
				GCC_VERSION = "";
				HEADER_SEARCH_PATHS = (
					"$(inherited)",
					"\"$(SRCROOT)\"",
					"\"$(BUILT_PRODUCTS_DIR)\"",
				);
				INFOPLIST_FILE = "Wired Server/WiredServer-Info.plist";
				LD_RUNPATH_SEARCH_PATHS = "$(inherited) @loader_path/../Frameworks @executable_path/../Frameworks";
				LIBRARY_SEARCH_PATHS = (
					"$(inherited)",
					/usr/lib,
				);
				MACOSX_DEPLOYMENT_TARGET = 10.10;
				MARKETING_VERSION = 2.5;
				PRODUCT_BUNDLE_IDENTIFIER = "fr.read-write.${PRODUCT_NAME:rfc1034identifier}";
				PRODUCT_NAME = "$(TARGET_NAME)";
				PROVISIONING_PROFILE_SPECIFIER = "";
				SDKROOT = macosx;
				VALID_ARCHS = x86_64;
				WRAPPER_EXTENSION = app;
			};
			name = Release;
		};
		4CCEEFA9154C991D004AE045 /* Debug */ = {
			isa = XCBuildConfiguration;
			buildSettings = {
				CLANG_ENABLE_OBJC_WEAK = YES;
				CODE_SIGN_IDENTITY = "-";
				GCC_VERSION = "";
				MACOSX_DEPLOYMENT_TARGET = 10.10;
				PRODUCT_NAME = Distribute;
				SDKROOT = macosx;
			};
			name = Debug;
		};
		4CCEEFAA154C991D004AE045 /* Release */ = {
			isa = XCBuildConfiguration;
			buildSettings = {
				CLANG_ENABLE_OBJC_WEAK = YES;
				CODE_SIGN_IDENTITY = "-";
				GCC_VERSION = "";
				MACOSX_DEPLOYMENT_TARGET = 10.10;
				PRODUCT_NAME = Distribute;
				SDKROOT = macosx;
			};
			name = Release;
		};
/* End XCBuildConfiguration section */

/* Begin XCConfigurationList section */
		4C233C9E1521022900245506 /* Build configuration list for PBXNativeTarget "Wired Server Helper" */ = {
			isa = XCConfigurationList;
			buildConfigurations = (
				4C233C9F1521022900245506 /* Debug */,
				4C233CA01521022900245506 /* Release */,
			);
			defaultConfigurationIsVisible = 0;
			defaultConfigurationName = Debug;
		};
		4C8A854021B05BB2001154BC /* Build configuration list for PBXAggregateTarget "wired" */ = {
			isa = XCConfigurationList;
			buildConfigurations = (
				4C8A854121B05BB2001154BC /* Debug */,
				4C8A854221B05BB2001154BC /* Release */,
			);
			defaultConfigurationIsVisible = 0;
			defaultConfigurationName = Debug;
		};
		4C8D334E151E2D8C001A6BF7 /* Build configuration list for PBXProject "WiredServer" */ = {
			isa = XCConfigurationList;
			buildConfigurations = (
				4C8D3370151E2D8D001A6BF7 /* Debug */,
				4C8D3371151E2D8D001A6BF7 /* Release */,
			);
			defaultConfigurationIsVisible = 0;
			defaultConfigurationName = Debug;
		};
		4C8D3372151E2D8D001A6BF7 /* Build configuration list for PBXNativeTarget "Wired Server" */ = {
			isa = XCConfigurationList;
			buildConfigurations = (
				4C8D3373151E2D8D001A6BF7 /* Debug */,
				4C8D3374151E2D8D001A6BF7 /* Release */,
			);
			defaultConfigurationIsVisible = 0;
			defaultConfigurationName = Debug;
		};
		4CCEEFB6154C991D004AE045 /* Build configuration list for PBXAggregateTarget "Distribute" */ = {
			isa = XCConfigurationList;
			buildConfigurations = (
				4CCEEFA9154C991D004AE045 /* Debug */,
				4CCEEFAA154C991D004AE045 /* Release */,
			);
			defaultConfigurationIsVisible = 0;
			defaultConfigurationName = Debug;
		};
/* End XCConfigurationList section */
	};
	rootObject = 4C8D334B151E2D8C001A6BF7 /* Project object */;
}
